PODS:
  - ZelloChannelKit (0.5.3):
    - ZelloChannelKit/libopus (= 0.5.3)
    - ZelloChannelKit/SocketRocket (= 0.5.3)
  - ZelloChannelKit/libopus (0.5.3)
  - ZelloChannelKit/SocketRocket (0.5.3)

DEPENDENCIES:
  - ZelloChannelKit (~> 0.5)

SPEC REPOS:
  trunk:
    - ZelloChannelKit

SPEC CHECKSUMS:
  ZelloChannelKit: d094cd517d8c59395c33e58bc5859c8495024ca7

PODFILE CHECKSUM: 40f28ca99ec2d7ed97cfc842137cddc7f465a89a

COCOAPODS: 1.8.1
