PODS:
  - zello-opus-ios (1.0.1)
  - ZelloChannelKit (0.5.7):
    - zello-opus-ios (~> 1.0.1)
    - ZelloChannelKit/libopus (= 0.5.7)
    - ZelloChannelKit/SocketRocket (= 0.5.7)
  - ZelloChannelKit/libopus (0.5.7):
    - zello-opus-ios (~> 1.0.1)
  - ZelloChannelKit/SocketRocket (0.5.7):
    - zello-opus-ios (~> 1.0.1)

DEPENDENCIES:
  - ZelloChannelKit (~> 0.5.7)

SPEC REPOS:
  trunk:
    - zello-opus-ios
    - ZelloChannelKit

SPEC CHECKSUMS:
  zello-opus-ios: 8c1f08799d7a147c86f21ec2a18f7b19f8c2ceed
  ZelloChannelKit: 55b800a5c444fc0761909dda11fc0f85a4bf86ce

PODFILE CHECKSUM: 7b4e1ececdbc8b52dac8b3ffabe053648856a90e

COCOAPODS: 1.15.2
