// !$*UTF8*$!
{
	archiveVersion = 1;
	classes = {
	};
	objectVersion = 46;
	objects = {

/* Begin PBXBuildFile section */
		530B9F571D95DDB500F2DD7F /* config.h in Headers */ = {isa = PBXBuildFile; fileRef = 530B9F561D95DDB500F2DD7F /* config.h */; };
		53A3F0DF1D95C1E70068EABF /* amplifier.cpp in Sources */ = {isa = PBXBuildFile; fileRef = 53A3F0D41D95C1E70068EABF /* amplifier.cpp */; };
		53A3F0E01D95C1E70068EABF /* amplifier.h in Headers */ = {isa = PBXBuildFile; fileRef = 53A3F0D51D95C1E70068EABF /* amplifier.h */; };
		53A3F0E11D95C1E70068EABF /* common.h in Headers */ = {isa = PBXBuildFile; fileRef = 53A3F0D61D95C1E70068EABF /* common.h */; };
		53A3F0E21D95C1E70068EABF /* contexts.h in Headers */ = {isa = PBXBuildFile; fileRef = 53A3F0D71D95C1E70068EABF /* contexts.h */; };
		53A3F0E31D95C1E70068EABF /* decoderopus.cpp in Sources */ = {isa = PBXBuildFile; fileRef = 53A3F0D81D95C1E70068EABF /* decoderopus.cpp */; };
		53A3F0E41D95C1E70068EABF /* decoderopus.h in Headers */ = {isa = PBXBuildFile; fileRef = 53A3F0D91D95C1E70068EABF /* decoderopus.h */; };
		53A3F0E51D95C1E70068EABF /* encoderopus.cpp in Sources */ = {isa = PBXBuildFile; fileRef = 53A3F0DA1D95C1E70068EABF /* encoderopus.cpp */; };
		53A3F0E61D95C1E70068EABF /* encoderopus.h in Headers */ = {isa = PBXBuildFile; fileRef = 53A3F0DB1D95C1E70068EABF /* encoderopus.h */; };
		53A3F0E71D95C1E70068EABF /* guard.h in Headers */ = {isa = PBXBuildFile; fileRef = 53A3F0DC1D95C1E70068EABF /* guard.h */; };
		53A3F0E81D95C1E70068EABF /* libopus.cpp in Sources */ = {isa = PBXBuildFile; fileRef = 53A3F0DD1D95C1E70068EABF /* libopus.cpp */; };
		53A3F0E91D95C1E70068EABF /* libopus.h in Headers */ = {isa = PBXBuildFile; fileRef = 53A3F0DE1D95C1E70068EABF /* libopus.h */; };
/* End PBXBuildFile section */

/* Begin PBXFileReference section */
		287D85A614E6D474002B5D79 /* libzopus.a */ = {isa = PBXFileReference; explicitFileType = archive.ar; includeInIndex = 0; path = libzopus.a; sourceTree = BUILT_PRODUCTS_DIR; };
		530B9F561D95DDB500F2DD7F /* config.h */ = {isa = PBXFileReference; fileEncoding = 4; lastKnownFileType = sourcecode.c.h; path = config.h; sourceTree = "<group>"; };
		531727341D9646C0001523B1 /* opus.h */ = {isa = PBXFileReference; lastKnownFileType = sourcecode.c.h; path = opus.h; sourceTree = "<group>"; };
		531727351D9646C0001523B1 /* opus_defines.h */ = {isa = PBXFileReference; lastKnownFileType = sourcecode.c.h; path = opus_defines.h; sourceTree = "<group>"; };
		531727361D9646C0001523B1 /* opus_multistream.h */ = {isa = PBXFileReference; lastKnownFileType = sourcecode.c.h; path = opus_multistream.h; sourceTree = "<group>"; };
		531727371D9646C0001523B1 /* opus_types.h */ = {isa = PBXFileReference; lastKnownFileType = sourcecode.c.h; path = opus_types.h; sourceTree = "<group>"; };
		53A3F0D41D95C1E70068EABF /* amplifier.cpp */ = {isa = PBXFileReference; fileEncoding = 4; lastKnownFileType = sourcecode.cpp.cpp; path = amplifier.cpp; sourceTree = "<group>"; };
		53A3F0D51D95C1E70068EABF /* amplifier.h */ = {isa = PBXFileReference; fileEncoding = 4; lastKnownFileType = sourcecode.c.h; path = amplifier.h; sourceTree = "<group>"; };
		53A3F0D61D95C1E70068EABF /* common.h */ = {isa = PBXFileReference; fileEncoding = 4; lastKnownFileType = sourcecode.c.h; path = common.h; sourceTree = "<group>"; };
		53A3F0D71D95C1E70068EABF /* contexts.h */ = {isa = PBXFileReference; fileEncoding = 4; lastKnownFileType = sourcecode.c.h; path = contexts.h; sourceTree = "<group>"; };
		53A3F0D81D95C1E70068EABF /* decoderopus.cpp */ = {isa = PBXFileReference; fileEncoding = 4; lastKnownFileType = sourcecode.cpp.cpp; path = decoderopus.cpp; sourceTree = "<group>"; };
		53A3F0D91D95C1E70068EABF /* decoderopus.h */ = {isa = PBXFileReference; fileEncoding = 4; lastKnownFileType = sourcecode.c.h; path = decoderopus.h; sourceTree = "<group>"; };
		53A3F0DA1D95C1E70068EABF /* encoderopus.cpp */ = {isa = PBXFileReference; fileEncoding = 4; lastKnownFileType = sourcecode.cpp.cpp; path = encoderopus.cpp; sourceTree = "<group>"; };
		53A3F0DB1D95C1E70068EABF /* encoderopus.h */ = {isa = PBXFileReference; fileEncoding = 4; lastKnownFileType = sourcecode.c.h; path = encoderopus.h; sourceTree = "<group>"; };
		53A3F0DC1D95C1E70068EABF /* guard.h */ = {isa = PBXFileReference; fileEncoding = 4; lastKnownFileType = sourcecode.c.h; path = guard.h; sourceTree = "<group>"; };
		53A3F0DD1D95C1E70068EABF /* libopus.cpp */ = {isa = PBXFileReference; fileEncoding = 4; lastKnownFileType = sourcecode.cpp.cpp; path = libopus.cpp; sourceTree = "<group>"; };
		53A3F0DE1D95C1E70068EABF /* libopus.h */ = {isa = PBXFileReference; fileEncoding = 4; lastKnownFileType = sourcecode.c.h; path = libopus.h; sourceTree = "<group>"; };
/* End PBXFileReference section */

/* Begin PBXFrameworksBuildPhase section */
		287D85A314E6D474002B5D79 /* Frameworks */ = {
			isa = PBXFrameworksBuildPhase;
			buildActionMask = 2147483647;
			files = (
			);
			runOnlyForDeploymentPostprocessing = 0;
		};
/* End PBXFrameworksBuildPhase section */

/* Begin PBXGroup section */
		287D859B14E6D474002B5D79 = {
			isa = PBXGroup;
			children = (
				530B9F561D95DDB500F2DD7F /* config.h */,
				53A3F0D31D95C1E70068EABF /* CSource */,
				287D85A714E6D474002B5D79 /* Products */,
			);
			sourceTree = "<group>";
		};
		287D85A714E6D474002B5D79 /* Products */ = {
			isa = PBXGroup;
			children = (
				287D85A614E6D474002B5D79 /* libzopus.a */,
			);
			name = Products;
			sourceTree = "<group>";
		};
		531727321D9646C0001523B1 /* include */ = {
			isa = PBXGroup;
			children = (
				531727331D9646C0001523B1 /* opus */,
			);
			path = include;
			sourceTree = "<group>";
		};
		531727331D9646C0001523B1 /* opus */ = {
			isa = PBXGroup;
			children = (
				531727341D9646C0001523B1 /* opus.h */,
				531727351D9646C0001523B1 /* opus_defines.h */,
				531727361D9646C0001523B1 /* opus_multistream.h */,
				531727371D9646C0001523B1 /* opus_types.h */,
			);
			path = opus;
			sourceTree = "<group>";
		};
		53A3F0D31D95C1E70068EABF /* CSource */ = {
			isa = PBXGroup;
			children = (
				531727321D9646C0001523B1 /* include */,
				53A3F0D41D95C1E70068EABF /* amplifier.cpp */,
				53A3F0D51D95C1E70068EABF /* amplifier.h */,
				53A3F0D61D95C1E70068EABF /* common.h */,
				53A3F0D71D95C1E70068EABF /* contexts.h */,
				53A3F0D81D95C1E70068EABF /* decoderopus.cpp */,
				53A3F0D91D95C1E70068EABF /* decoderopus.h */,
				53A3F0DA1D95C1E70068EABF /* encoderopus.cpp */,
				53A3F0DB1D95C1E70068EABF /* encoderopus.h */,
				53A3F0DC1D95C1E70068EABF /* guard.h */,
				53A3F0DD1D95C1E70068EABF /* libopus.cpp */,
				53A3F0DE1D95C1E70068EABF /* libopus.h */,
			);
			path = CSource;
			sourceTree = "<group>";
		};
/* End PBXGroup section */

/* Begin PBXHeadersBuildPhase section */
		287D85A414E6D474002B5D79 /* Headers */ = {
			isa = PBXHeadersBuildPhase;
			buildActionMask = 2147483647;
			files = (
				53A3F0E71D95C1E70068EABF /* guard.h in Headers */,
				53A3F0E91D95C1E70068EABF /* libopus.h in Headers */,
				53A3F0E41D95C1E70068EABF /* decoderopus.h in Headers */,
				53A3F0E01D95C1E70068EABF /* amplifier.h in Headers */,
				530B9F571D95DDB500F2DD7F /* config.h in Headers */,
				53A3F0E21D95C1E70068EABF /* contexts.h in Headers */,
				53A3F0E11D95C1E70068EABF /* common.h in Headers */,
				53A3F0E61D95C1E70068EABF /* encoderopus.h in Headers */,
			);
			runOnlyForDeploymentPostprocessing = 0;
		};
/* End PBXHeadersBuildPhase section */

/* Begin PBXNativeTarget section */
		287D85A514E6D474002B5D79 /* libzopus */ = {
			isa = PBXNativeTarget;
			buildConfigurationList = 287D85B314E6D474002B5D79 /* Build configuration list for PBXNativeTarget "libzopus" */;
			buildPhases = (
				287D85A214E6D474002B5D79 /* Sources */,
				287D85A314E6D474002B5D79 /* Frameworks */,
				287D85A414E6D474002B5D79 /* Headers */,
			);
			buildRules = (
			);
			dependencies = (
			);
			name = libzopus;
			productName = Opus;
			productReference = 287D85A614E6D474002B5D79 /* libzopus.a */;
			productType = "com.apple.product-type.library.static";
		};
/* End PBXNativeTarget section */

/* Begin PBXProject section */
		287D859D14E6D474002B5D79 /* Project object */ = {
			isa = PBXProject;
			attributes = {
				LastUpgradeCheck = 0920;
				ORGANIZATIONNAME = "Zello Inc";
			};
			buildConfigurationList = 287D85A014E6D474002B5D79 /* Build configuration list for PBXProject "LibOpus" */;
			compatibilityVersion = "Xcode 3.2";
			developmentRegion = English;
			hasScannedForEncodings = 0;
			knownRegions = (
				en,
			);
			mainGroup = 287D859B14E6D474002B5D79;
			productRefGroup = 287D85A714E6D474002B5D79 /* Products */;
			projectDirPath = "";
			projectRoot = "";
			targets = (
				287D85A514E6D474002B5D79 /* libzopus */,
			);
		};
/* End PBXProject section */

/* Begin PBXSourcesBuildPhase section */
		287D85A214E6D474002B5D79 /* Sources */ = {
			isa = PBXSourcesBuildPhase;
			buildActionMask = 2147483647;
			files = (
				53A3F0DF1D95C1E70068EABF /* amplifier.cpp in Sources */,
				53A3F0E51D95C1E70068EABF /* encoderopus.cpp in Sources */,
				53A3F0E81D95C1E70068EABF /* libopus.cpp in Sources */,
				53A3F0E31D95C1E70068EABF /* decoderopus.cpp in Sources */,
			);
			runOnlyForDeploymentPostprocessing = 0;
		};
/* End PBXSourcesBuildPhase section */

/* Begin XCBuildConfiguration section */
		287D85B114E6D474002B5D79 /* Debug */ = {
			isa = XCBuildConfiguration;
			buildSettings = {
				CODE_SIGN_IDENTITY = "";
				IPHONEOS_DEPLOYMENT_TARGET = 9.3;
				ONLY_ACTIVE_ARCH = YES;
				SDKROOT = iphoneos;
				TARGETED_DEVICE_FAMILY = 1;
				VALID_ARCHS = "armv7 armv7s arm64";
			};
			name = Debug;
		};
		287D85B214E6D474002B5D79 /* Release */ = {
			isa = XCBuildConfiguration;
			buildSettings = {
				CODE_SIGN_IDENTITY = "";
				IPHONEOS_DEPLOYMENT_TARGET = 9.3;
				SDKROOT = iphoneos;
				TARGETED_DEVICE_FAMILY = 1;
				VALID_ARCHS = "armv7 armv7s arm64";
			};
			name = Release;
		};
		287D85B414E6D474002B5D79 /* Debug */ = {
			isa = XCBuildConfiguration;
			buildSettings = {
				ALWAYS_SEARCH_USER_PATHS = NO;
				COPY_PHASE_STRIP = NO;
				GCC_PREPROCESSOR_DEFINITIONS = HAVE_CONFIG_H;
				GCC_THUMB_SUPPORT = NO;
				INSTALL_PATH = /usr/local/lib;
				IPHONEOS_DEPLOYMENT_TARGET = 8.0;
				LIBRARY_SEARCH_PATHS = (
					"$(inherited)",
					"$(PROJECT_DIR)/opus/dependencies/lib",
				);
				PRODUCT_NAME = zopus;
				SKIP_INSTALL = YES;
				VALID_ARCHS = "arm64 armv7 armv7s";
			};
			name = Debug;
		};
		287D85B514E6D474002B5D79 /* Release */ = {
			isa = XCBuildConfiguration;
			buildSettings = {
				ALWAYS_SEARCH_USER_PATHS = NO;
				GCC_PREPROCESSOR_DEFINITIONS = HAVE_CONFIG_H;
				GCC_THUMB_SUPPORT = NO;
				INSTALL_PATH = /usr/local/lib;
				IPHONEOS_DEPLOYMENT_TARGET = 8.0;
				LIBRARY_SEARCH_PATHS = (
					"$(inherited)",
					"$(PROJECT_DIR)/opus/dependencies/lib",
				);
				PRODUCT_NAME = zopus;
				SKIP_INSTALL = YES;
				VALID_ARCHS = "arm64 armv7 armv7s";
			};
			name = Release;
		};
		53EEDC851D98FD8700EA631A /* Ad Hoc Distribution */ = {
			isa = XCBuildConfiguration;
			buildSettings = {
				CODE_SIGN_IDENTITY = "";
				IPHONEOS_DEPLOYMENT_TARGET = 9.3;
				SDKROOT = iphoneos;
				TARGETED_DEVICE_FAMILY = 1;
				VALID_ARCHS = "armv7 armv7s arm64";
			};
			name = "Ad Hoc Distribution";
		};
		53EEDC861D98FD8700EA631A /* Ad Hoc Distribution */ = {
			isa = XCBuildConfiguration;
			buildSettings = {
				ALWAYS_SEARCH_USER_PATHS = NO;
				GCC_PREPROCESSOR_DEFINITIONS = HAVE_CONFIG_H;
				GCC_THUMB_SUPPORT = NO;
				INSTALL_PATH = /usr/local/lib;
				IPHONEOS_DEPLOYMENT_TARGET = 8.0;
				LIBRARY_SEARCH_PATHS = (
					"$(inherited)",
					"$(PROJECT_DIR)/opus/dependencies/lib",
				);
				PRODUCT_NAME = zopus;
				SKIP_INSTALL = YES;
				VALID_ARCHS = "arm64 armv7 armv7s";
			};
			name = "Ad Hoc Distribution";
		};
/* End XCBuildConfiguration section */

/* Begin XCConfigurationList section */
		287D85A014E6D474002B5D79 /* Build configuration list for PBXProject "LibOpus" */ = {
			isa = XCConfigurationList;
			buildConfigurations = (
				287D85B114E6D474002B5D79 /* Debug */,
				287D85B214E6D474002B5D79 /* Release */,
				53EEDC851D98FD8700EA631A /* Ad Hoc Distribution */,
			);
			defaultConfigurationIsVisible = 0;
			defaultConfigurationName = Release;
		};
		287D85B314E6D474002B5D79 /* Build configuration list for PBXNativeTarget "libzopus" */ = {
			isa = XCConfigurationList;
			buildConfigurations = (
				287D85B414E6D474002B5D79 /* Debug */,
				287D85B514E6D474002B5D79 /* Release */,
				53EEDC861D98FD8700EA631A /* Ad Hoc Distribution */,
			);
			defaultConfigurationIsVisible = 0;
			defaultConfigurationName = Release;
		};
/* End XCConfigurationList section */
	};
	rootObject = 287D859D14E6D474002B5D79 /* Project object */;
}
