// !$*UTF8*$!
{
	archiveVersion = 1;
	classes = {
	};
	objectVersion = 48;
	objects = {

/* Begin PBXAggregateTarget section */
		D1A3BB602073D24E0038FDDA /* ZelloChannelKit-Universal */ = {
			isa = PBXAggregateTarget;
			buildConfigurationList = D1A3BB612073D24F0038FDDA /* Build configuration list for PBXAggregateTarget "ZelloChannelKit-Universal" */;
			buildPhases = (
				D1A3BB642073DAB40038FDDA /* ShellScript */,
			);
			dependencies = (
			);
			name = "ZelloChannelKit-Universal";
			productName = "ZelloChannelKit-Universal";
		};
/* End PBXAggregateTarget section */

/* Begin PBXBuildFile section */
		53AA9E2A1FD9BC8300C35403 /* ZCCCodec.h in Headers */ = {isa = PBXBuildFile; fileRef = 53AA9E191FD9BC5100C35403 /* ZCCCodec.h */; };
		53AA9E2B1FD9BC8300C35403 /* ZCCCodecFactory.h in Headers */ = {isa = PBXBuildFile; fileRef = 53AA9E1A1FD9BC5100C35403 /* ZCCCodecFactory.h */; };
		53AA9E2C1FD9BC8300C35403 /* ZCCCodecFactory.m in Sources */ = {isa = PBXBuildFile; fileRef = 53AA9E1B1FD9BC5100C35403 /* ZCCCodecFactory.m */; };
		53AA9E2D1FD9BC8300C35403 /* ZCCDecoder.h in Headers */ = {isa = PBXBuildFile; fileRef = 53AA9E1C1FD9BC5100C35403 /* ZCCDecoder.h */; };
		53AA9E2E1FD9BC8300C35403 /* ZCCDecoder.mm in Sources */ = {isa = PBXBuildFile; fileRef = 53AA9E1D1FD9BC5100C35403 /* ZCCDecoder.mm */; };
		53AA9E301FD9BC8300C35403 /* ZCCDecoderOpus.h in Headers */ = {isa = PBXBuildFile; fileRef = 53AA9E1F1FD9BC5100C35403 /* ZCCDecoderOpus.h */; };
		53AA9E311FD9BC8300C35403 /* ZCCDecoderOpus.mm in Sources */ = {isa = PBXBuildFile; fileRef = 53AA9E201FD9BC5100C35403 /* ZCCDecoderOpus.mm */; };
		53AA9E321FD9BC8300C35403 /* ZCCEncoder.m in Sources */ = {isa = PBXBuildFile; fileRef = 53AA9E211FD9BC5100C35403 /* ZCCEncoder.m */; };
		53AA9E341FD9BC8300C35403 /* ZCCEncoderOpus.h in Headers */ = {isa = PBXBuildFile; fileRef = 53AA9E231FD9BC5100C35403 /* ZCCEncoderOpus.h */; };
		53AA9E351FD9BC8300C35403 /* ZCCEncoderOpus.mm in Sources */ = {isa = PBXBuildFile; fileRef = 53AA9E241FD9BC5100C35403 /* ZCCEncoderOpus.mm */; };
		53AA9E361FD9BC8A00C35403 /* ZCCPlayer.h in Headers */ = {isa = PBXBuildFile; fileRef = 53AA9E291FD9BC5100C35403 /* ZCCPlayer.h */; };
		53AA9E371FD9BC8A00C35403 /* ZCCPlayer.mm in Sources */ = {isa = PBXBuildFile; fileRef = 53AA9E171FD9BC5100C35403 /* ZCCPlayer.mm */; };
		53AA9E381FD9BC8A00C35403 /* ZCCRecorder.h in Headers */ = {isa = PBXBuildFile; fileRef = 53AA9E261FD9BC5100C35403 /* ZCCRecorder.h */; };
		53AA9E391FD9BC8A00C35403 /* ZCCRecorder.mm in Sources */ = {isa = PBXBuildFile; fileRef = 53AA9E281FD9BC5100C35403 /* ZCCRecorder.mm */; };
		53AA9E3D1FD9BD4800C35403 /* ZCCEncoder.h in Headers */ = {isa = PBXBuildFile; fileRef = 53AA9E3C1FD9BD3C00C35403 /* ZCCEncoder.h */; };
		53AA9E401FD9C0DD00C35403 /* ZCCAudioHelper.h in Headers */ = {isa = PBXBuildFile; fileRef = 53AA9E3E1FD9C0DD00C35403 /* ZCCAudioHelper.h */; };
		53AA9E411FD9C0DD00C35403 /* ZCCAudioHelper.m in Sources */ = {isa = PBXBuildFile; fileRef = 53AA9E3F1FD9C0DD00C35403 /* ZCCAudioHelper.m */; };
		53AA9E471FD9C1D900C35403 /* ZCCQueueRunner.h in Headers */ = {isa = PBXBuildFile; fileRef = 53AA9E431FD9C1D200C35403 /* ZCCQueueRunner.h */; };
		53AA9E481FD9C1D900C35403 /* ZCCQueueRunner.m in Sources */ = {isa = PBXBuildFile; fileRef = 53AA9E441FD9C1D200C35403 /* ZCCQueueRunner.m */; };
		53AA9E491FD9C1D900C35403 /* ZCCWeakReference.h in Headers */ = {isa = PBXBuildFile; fileRef = 53AA9E451FD9C1D200C35403 /* ZCCWeakReference.h */; };
		53AA9E4A1FD9C1D900C35403 /* ZCCWeakReference.m in Sources */ = {isa = PBXBuildFile; fileRef = 53AA9E461FD9C1D200C35403 /* ZCCWeakReference.m */; };
		53AA9E531FD9C35F00C35403 /* libzopus.a in Frameworks */ = {isa = PBXBuildFile; fileRef = 53AA9E541FD9C35F00C35403 /* libzopus.a */; };
		53AA9E561FD9CC2A00C35403 /* AudioToolbox.framework in Frameworks */ = {isa = PBXBuildFile; fileRef = 53AA9E551FD9CC2A00C35403 /* AudioToolbox.framework */; };
		53AA9E581FD9CC3200C35403 /* AVFoundation.framework in Frameworks */ = {isa = PBXBuildFile; fileRef = 53AA9E571FD9CC3200C35403 /* AVFoundation.framework */; };
		53AA9E851FD9CC9500C35403 /* libopus.a in Frameworks */ = {isa = PBXBuildFile; fileRef = 53AA9E741FD9CC8800C35403 /* libopus.a */; };
		53AA9E8D1FDA309A00C35403 /* ZCCWeakTimer.m in Sources */ = {isa = PBXBuildFile; fileRef = 53AA9E8B1FDA309A00C35403 /* ZCCWeakTimer.m */; };
		53AA9E9C1FDA5F1E00C35403 /* ZCCVoiceStream.h in Headers */ = {isa = PBXBuildFile; fileRef = 53AA9E9A1FDA5F1E00C35403 /* ZCCVoiceStream.h */; settings = {ATTRIBUTES = (Public, ); }; };
		53AA9E9D1FDA5F1E00C35403 /* ZCCVoiceStream.m in Sources */ = {isa = PBXBuildFile; fileRef = 53AA9E9B1FDA5F1E00C35403 /* ZCCVoiceStream.m */; };
		53AA9EA01FDA60A300C35403 /* ZCCIncomingVoiceStream.h in Headers */ = {isa = PBXBuildFile; fileRef = 53AA9E9E1FDA60A300C35403 /* ZCCIncomingVoiceStream.h */; settings = {ATTRIBUTES = (Public, ); }; };
		53AA9EA11FDA60A300C35403 /* ZCCIncomingVoiceStream.m in Sources */ = {isa = PBXBuildFile; fileRef = 53AA9E9F1FDA60A300C35403 /* ZCCIncomingVoiceStream.m */; };
		53AA9EA41FDA60BD00C35403 /* ZCCOutgoingVoiceStream.h in Headers */ = {isa = PBXBuildFile; fileRef = 53AA9EA21FDA60BD00C35403 /* ZCCOutgoingVoiceStream.h */; settings = {ATTRIBUTES = (Public, ); }; };
		53AA9EA51FDA60BD00C35403 /* ZCCOutgoingVoiceStream.m in Sources */ = {isa = PBXBuildFile; fileRef = 53AA9EA31FDA60BD00C35403 /* ZCCOutgoingVoiceStream.m */; };
		A8043FB51FD5BE9000BFD1BF /* ZelloChannelKit.framework in Frameworks */ = {isa = PBXBuildFile; fileRef = A8043FAB1FD5BE9000BFD1BF /* ZelloChannelKit.framework */; };
		A8043FBC1FD5BE9000BFD1BF /* ZelloChannelKit.h in Headers */ = {isa = PBXBuildFile; fileRef = A8043FAE1FD5BE9000BFD1BF /* ZelloChannelKit.h */; settings = {ATTRIBUTES = (Public, ); }; };
		A85831FC1FD62878000ECA30 /* ZCCSession.h in Headers */ = {isa = PBXBuildFile; fileRef = A85831FA1FD62878000ECA30 /* ZCCSession.h */; settings = {ATTRIBUTES = (Public, ); }; };
		A85831FD1FD62878000ECA30 /* ZCCSession.m in Sources */ = {isa = PBXBuildFile; fileRef = A85831FB1FD62878000ECA30 /* ZCCSession.m */; };
		D116CDFD2022362F001999F1 /* ZCCCommands.h in Headers */ = {isa = PBXBuildFile; fileRef = D116CDFB2022362F001999F1 /* ZCCCommands.h */; };
		D116CDFE2022362F001999F1 /* ZCCCommands.m in Sources */ = {isa = PBXBuildFile; fileRef = D116CDFC2022362F001999F1 /* ZCCCommands.m */; };
		D116CE0120223691001999F1 /* ZCCSocket.h in Headers */ = {isa = PBXBuildFile; fileRef = D116CDFF20223691001999F1 /* ZCCSocket.h */; };
		D116CE0220223691001999F1 /* ZCCSocket.m in Sources */ = {isa = PBXBuildFile; fileRef = D116CE0020223691001999F1 /* ZCCSocket.m */; };
		D133F8A12028DAA100B40798 /* ZCCCodec.m in Sources */ = {isa = PBXBuildFile; fileRef = D133F8A02028DAA100B40798 /* ZCCCodec.m */; };
		D1358B862034A1620082B163 /* ZCCErrors.h in Headers */ = {isa = PBXBuildFile; fileRef = D1358B842034A1620082B163 /* ZCCErrors.h */; settings = {ATTRIBUTES = (Public, ); }; };
		D1358B872034A1620082B163 /* ZCCErrors.m in Sources */ = {isa = PBXBuildFile; fileRef = D1358B852034A1620082B163 /* ZCCErrors.m */; };
		D13D1FE52074264F004D7EAD /* libicucore.tbd in Frameworks */ = {isa = PBXBuildFile; fileRef = D13D1FE42074264F004D7EAD /* libicucore.tbd */; };
		D1444841203CC0620091A061 /* ZCCStreamState.h in Headers */ = {isa = PBXBuildFile; fileRef = 53AA9EAF1FDB69B700C35403 /* ZCCStreamState.h */; settings = {ATTRIBUTES = (Public, ); }; };
		D16A41F32075689A009783DF /* NSURLRequest+ZCCSRWebSocket.h in Headers */ = {isa = PBXBuildFile; fileRef = D16A41C42075689A009783DF /* NSURLRequest+ZCCSRWebSocket.h */; };
		D16A41F42075689A009783DF /* ZCCSRWebSocket.m in Sources */ = {isa = PBXBuildFile; fileRef = D16A41C52075689A009783DF /* ZCCSRWebSocket.m */; };
		D16A41F52075689A009783DF /* ZCCSRProxyConnect.m in Sources */ = {isa = PBXBuildFile; fileRef = D16A41C72075689A009783DF /* ZCCSRProxyConnect.m */; };
		D16A41F62075689A009783DF /* ZCCSRProxyConnect.h in Headers */ = {isa = PBXBuildFile; fileRef = D16A41C82075689A009783DF /* ZCCSRProxyConnect.h */; };
		D16A41F72075689A009783DF /* ZCCSRRunLoopThread.h in Headers */ = {isa = PBXBuildFile; fileRef = D16A41CA2075689A009783DF /* ZCCSRRunLoopThread.h */; };
		D16A41F82075689A009783DF /* ZCCSRRunLoopThread.m in Sources */ = {isa = PBXBuildFile; fileRef = D16A41CB2075689A009783DF /* ZCCSRRunLoopThread.m */; };
		D16A41FA2075689A009783DF /* ZCCSRPinningSecurityPolicy.m in Sources */ = {isa = PBXBuildFile; fileRef = D16A41CE2075689A009783DF /* ZCCSRPinningSecurityPolicy.m */; };
		D16A41FB2075689A009783DF /* ZCCSRPinningSecurityPolicy.h in Headers */ = {isa = PBXBuildFile; fileRef = D16A41CF2075689A009783DF /* ZCCSRPinningSecurityPolicy.h */; };
		D16A41FC2075689A009783DF /* NSRunLoop+ZCCSRWebSocketPrivate.h in Headers */ = {isa = PBXBuildFile; fileRef = D16A41D02075689A009783DF /* NSRunLoop+ZCCSRWebSocketPrivate.h */; };
		D16A41FD2075689A009783DF /* ZCCSRDelegateController.h in Headers */ = {isa = PBXBuildFile; fileRef = D16A41D22075689A009783DF /* ZCCSRDelegateController.h */; };
		D16A41FE2075689A009783DF /* ZCCSRDelegateController.m in Sources */ = {isa = PBXBuildFile; fileRef = D16A41D32075689A009783DF /* ZCCSRDelegateController.m */; };
		D16A41FF2075689A009783DF /* ZCCSRSecurityPolicy.h in Headers */ = {isa = PBXBuildFile; fileRef = D16A41D42075689A009783DF /* ZCCSRSecurityPolicy.h */; };
		D16A42002075689A009783DF /* NSRunLoop+ZCCSRWebSocket.h in Headers */ = {isa = PBXBuildFile; fileRef = D16A41D52075689A009783DF /* NSRunLoop+ZCCSRWebSocket.h */; };
		D16A42012075689A009783DF /* ZCCSRHash.m in Sources */ = {isa = PBXBuildFile; fileRef = D16A41D72075689A009783DF /* ZCCSRHash.m */; };
		D16A42022075689A009783DF /* ZCCSRConstants.h in Headers */ = {isa = PBXBuildFile; fileRef = D16A41D82075689A009783DF /* ZCCSRConstants.h */; };
		D16A42032075689A009783DF /* ZCCSRLog.h in Headers */ = {isa = PBXBuildFile; fileRef = D16A41D92075689A009783DF /* ZCCSRLog.h */; };
		D16A42042075689A009783DF /* ZCCSRSIMDHelpers.h in Headers */ = {isa = PBXBuildFile; fileRef = D16A41DA2075689A009783DF /* ZCCSRSIMDHelpers.h */; };
		D16A42052075689A009783DF /* ZCCSRMutex.m in Sources */ = {isa = PBXBuildFile; fileRef = D16A41DB2075689A009783DF /* ZCCSRMutex.m */; };
		D16A42062075689A009783DF /* ZCCSRError.h in Headers */ = {isa = PBXBuildFile; fileRef = D16A41DC2075689A009783DF /* ZCCSRError.h */; };
		D16A42072075689A009783DF /* ZCCSRHTTPConnectMessage.h in Headers */ = {isa = PBXBuildFile; fileRef = D16A41DD2075689A009783DF /* ZCCSRHTTPConnectMessage.h */; };
		D16A42082075689A009783DF /* ZCCSRRandom.m in Sources */ = {isa = PBXBuildFile; fileRef = D16A41DE2075689A009783DF /* ZCCSRRandom.m */; };
		D16A42092075689A009783DF /* ZCCSRURLUtilities.m in Sources */ = {isa = PBXBuildFile; fileRef = D16A41DF2075689A009783DF /* ZCCSRURLUtilities.m */; };
		D16A420A2075689A009783DF /* ZCCSRLog.m in Sources */ = {isa = PBXBuildFile; fileRef = D16A41E02075689A009783DF /* ZCCSRLog.m */; };
		D16A420B2075689A009783DF /* ZCCSRConstants.m in Sources */ = {isa = PBXBuildFile; fileRef = D16A41E12075689A009783DF /* ZCCSRConstants.m */; };
		D16A420C2075689A009783DF /* ZCCSRHash.h in Headers */ = {isa = PBXBuildFile; fileRef = D16A41E22075689A009783DF /* ZCCSRHash.h */; };
		D16A420D2075689A009783DF /* ZCCSRMutex.h in Headers */ = {isa = PBXBuildFile; fileRef = D16A41E32075689A009783DF /* ZCCSRMutex.h */; };
		D16A420E2075689A009783DF /* ZCCSRSIMDHelpers.m in Sources */ = {isa = PBXBuildFile; fileRef = D16A41E42075689A009783DF /* ZCCSRSIMDHelpers.m */; };
		D16A420F2075689A009783DF /* ZCCSRURLUtilities.h in Headers */ = {isa = PBXBuildFile; fileRef = D16A41E52075689A009783DF /* ZCCSRURLUtilities.h */; };
		D16A42102075689A009783DF /* ZCCSRRandom.h in Headers */ = {isa = PBXBuildFile; fileRef = D16A41E62075689A009783DF /* ZCCSRRandom.h */; };
		D16A42112075689A009783DF /* ZCCSRHTTPConnectMessage.m in Sources */ = {isa = PBXBuildFile; fileRef = D16A41E72075689A009783DF /* ZCCSRHTTPConnectMessage.m */; };
		D16A42122075689A009783DF /* ZCCSRError.m in Sources */ = {isa = PBXBuildFile; fileRef = D16A41E82075689A009783DF /* ZCCSRError.m */; };
		D16A42132075689A009783DF /* ZCCSRIOConsumer.h in Headers */ = {isa = PBXBuildFile; fileRef = D16A41EA2075689A009783DF /* ZCCSRIOConsumer.h */; };
		D16A42142075689A009783DF /* ZCCSRIOConsumerPool.m in Sources */ = {isa = PBXBuildFile; fileRef = D16A41EB2075689A009783DF /* ZCCSRIOConsumerPool.m */; };
		D16A42152075689A009783DF /* ZCCSRIOConsumer.m in Sources */ = {isa = PBXBuildFile; fileRef = D16A41EC2075689A009783DF /* ZCCSRIOConsumer.m */; };
		D16A42162075689A009783DF /* ZCCSRIOConsumerPool.h in Headers */ = {isa = PBXBuildFile; fileRef = D16A41ED2075689A009783DF /* ZCCSRIOConsumerPool.h */; };
		D16A42172075689A009783DF /* NSURLRequest+ZCCSRWebSocket.m in Sources */ = {isa = PBXBuildFile; fileRef = D16A41EE2075689A009783DF /* NSURLRequest+ZCCSRWebSocket.m */; };
		D16A42182075689A009783DF /* ZCCSRWebSocket.h in Headers */ = {isa = PBXBuildFile; fileRef = D16A41EF2075689A009783DF /* ZCCSRWebSocket.h */; };
		D16A42192075689A009783DF /* NSRunLoop+ZCCSRWebSocket.m in Sources */ = {isa = PBXBuildFile; fileRef = D16A41F02075689A009783DF /* NSRunLoop+ZCCSRWebSocket.m */; };
		D16A421A2075689A009783DF /* NSURLRequest+ZCCSRWebSocketPrivate.h in Headers */ = {isa = PBXBuildFile; fileRef = D16A41F12075689A009783DF /* NSURLRequest+ZCCSRWebSocketPrivate.h */; };
		D16A421B2075689A009783DF /* ZCCSRSecurityPolicy.m in Sources */ = {isa = PBXBuildFile; fileRef = D16A41F22075689A009783DF /* ZCCSRSecurityPolicy.m */; };
		D16DC0342069756A003F9A6A /* ZCCSocketTests.m in Sources */ = {isa = PBXBuildFile; fileRef = D16DC0332069756A003F9A6A /* ZCCSocketTests.m */; };
		D16DC03720697809003F9A6A /* ZCCWebSocketFactory.h in Headers */ = {isa = PBXBuildFile; fileRef = D16DC03520697809003F9A6A /* ZCCWebSocketFactory.h */; };
		D16DC03820697809003F9A6A /* ZCCWebSocketFactory.m in Sources */ = {isa = PBXBuildFile; fileRef = D16DC03620697809003F9A6A /* ZCCWebSocketFactory.m */; };
		D19DBC5A205095CD005C632A /* ZCCCustomAudioSourceReceiver.h in Headers */ = {isa = PBXBuildFile; fileRef = D19DBC58205095CD005C632A /* ZCCCustomAudioSourceReceiver.h */; };
		D19DBC5B205095CD005C632A /* ZCCCustomAudioSourceReceiver.m in Sources */ = {isa = PBXBuildFile; fileRef = D19DBC59205095CD005C632A /* ZCCCustomAudioSourceReceiver.m */; };
		D1ABD913202270C600F3FCD6 /* ZCCStreamParams.h in Headers */ = {isa = PBXBuildFile; fileRef = D1ABD911202270C600F3FCD6 /* ZCCStreamParams.h */; };
		D1ABD914202270C600F3FCD6 /* ZCCStreamParams.m in Sources */ = {isa = PBXBuildFile; fileRef = D1ABD912202270C600F3FCD6 /* ZCCStreamParams.m */; };
		D1B148E52047585500450E8D /* ZCCOutgoingVoiceConfiguration.h in Headers */ = {isa = PBXBuildFile; fileRef = D1B148E32047585500450E8D /* ZCCOutgoingVoiceConfiguration.h */; settings = {ATTRIBUTES = (Public, ); }; };
		D1B148E62047585500450E8D /* ZCCOutgoingVoiceConfiguration.m in Sources */ = {isa = PBXBuildFile; fileRef = D1B148E42047585500450E8D /* ZCCOutgoingVoiceConfiguration.m */; };
		D1B190C62065A902009309CA /* ZCCCustomAudioSourceTests.m in Sources */ = {isa = PBXBuildFile; fileRef = D1B190C52065A902009309CA /* ZCCCustomAudioSourceTests.m */; };
		D1BB3DD02024D9E8006B8852 /* ZCCProtocol.m in Sources */ = {isa = PBXBuildFile; fileRef = D1BB3DCF2024D9E8006B8852 /* ZCCProtocol.m */; };
		D1C8899F2040AA7100814E5A /* ZCCVoiceStream+Internal.h in Headers */ = {isa = PBXBuildFile; fileRef = D1C8899E2040AA6B00814E5A /* ZCCVoiceStream+Internal.h */; };
		D1C8ABB8206445AC009A39CF /* ZCCSessionTests.m in Sources */ = {isa = PBXBuildFile; fileRef = D1C8ABB7206445AC009A39CF /* ZCCSessionTests.m */; };
		D1C8ABBB2064488E009A39CF /* ZCCSocketFactory.h in Headers */ = {isa = PBXBuildFile; fileRef = D1C8ABB92064488E009A39CF /* ZCCSocketFactory.h */; };
		D1C8ABBC2064488E009A39CF /* ZCCSocketFactory.m in Sources */ = {isa = PBXBuildFile; fileRef = D1C8ABBA2064488E009A39CF /* ZCCSocketFactory.m */; };
		D1C8ABBE20644AC7009A39CF /* libOCMock.a in Frameworks */ = {isa = PBXBuildFile; fileRef = D1C8ABBD20644AC7009A39CF /* libOCMock.a */; };
		D1D10EF62057267300DE129A /* ZCCAudioUtils.h in Headers */ = {isa = PBXBuildFile; fileRef = D1D10EF42057267300DE129A /* ZCCAudioUtils.h */; };
		D1D10EF72057267300DE129A /* ZCCAudioUtils.m in Sources */ = {isa = PBXBuildFile; fileRef = D1D10EF52057267300DE129A /* ZCCAudioUtils.m */; };
		D1D53524204F0C910029021F /* ZCCCustomAudioReceiver.h in Headers */ = {isa = PBXBuildFile; fileRef = D1D53522204F0C910029021F /* ZCCCustomAudioReceiver.h */; };
		D1D53525204F0C910029021F /* ZCCCustomAudioReceiver.m in Sources */ = {isa = PBXBuildFile; fileRef = D1D53523204F0C910029021F /* ZCCCustomAudioReceiver.m */; };
		D1D61FE5204DB80200FE5392 /* ZCCIncomingVoiceConfiguration.h in Headers */ = {isa = PBXBuildFile; fileRef = D1D61FE3204DB80200FE5392 /* ZCCIncomingVoiceConfiguration.h */; settings = {ATTRIBUTES = (Public, ); }; };
		D1D61FE6204DB80200FE5392 /* ZCCIncomingVoiceConfiguration.m in Sources */ = {isa = PBXBuildFile; fileRef = D1D61FE4204DB80200FE5392 /* ZCCIncomingVoiceConfiguration.m */; };
		D1D61FE8204DBD1700FE5392 /* ZCCIncomingVoiceStreamInfo+Internal.h in Headers */ = {isa = PBXBuildFile; fileRef = D1D61FE7204DBD1700FE5392 /* ZCCIncomingVoiceStreamInfo+Internal.h */; };
		D1DFA0A0202B95D000B4E05E /* ZCCVoiceStreamsManager.m in Sources */ = {isa = PBXBuildFile; fileRef = D1DFA09E202B95D000B4E05E /* ZCCVoiceStreamsManager.m */; };
		D1DFA0A1202B95D000B4E05E /* ZCCVoiceStreamsManager.h in Headers */ = {isa = PBXBuildFile; fileRef = D1DFA09F202B95D000B4E05E /* ZCCVoiceStreamsManager.h */; };
		D1EFBB37206561C300FF4A2E /* ZCCPermissionsManager.h in Headers */ = {isa = PBXBuildFile; fileRef = D1EFBB35206561C300FF4A2E /* ZCCPermissionsManager.h */; };
		D1EFBB38206561C300FF4A2E /* ZCCPermissionsManager.m in Sources */ = {isa = PBXBuildFile; fileRef = D1EFBB36206561C300FF4A2E /* ZCCPermissionsManager.m */; };
		D1F6F547204891530045A100 /* ZCCCustomAudioSource.h in Headers */ = {isa = PBXBuildFile; fileRef = D1F6F545204891530045A100 /* ZCCCustomAudioSource.h */; };
		D1F6F548204891530045A100 /* ZCCCustomAudioSource.m in Sources */ = {isa = PBXBuildFile; fileRef = D1F6F546204891530045A100 /* ZCCCustomAudioSource.m */; };
/* End PBXBuildFile section */

/* Begin PBXContainerItemProxy section */
		A8043FB61FD5BE9000BFD1BF /* PBXContainerItemProxy */ = {
			isa = PBXContainerItemProxy;
			containerPortal = A8043FA21FD5BE9000BFD1BF /* Project object */;
			proxyType = 1;
			remoteGlobalIDString = A8043FAA1FD5BE9000BFD1BF;
			remoteInfo = sdk;
		};
/* End PBXContainerItemProxy section */

/* Begin PBXFileReference section */
		53AA9E171FD9BC5100C35403 /* ZCCPlayer.mm */ = {isa = PBXFileReference; lastKnownFileType = sourcecode.cpp.objcpp; path = ZCCPlayer.mm; sourceTree = "<group>"; };
		53AA9E191FD9BC5100C35403 /* ZCCCodec.h */ = {isa = PBXFileReference; lastKnownFileType = sourcecode.c.h; path = ZCCCodec.h; sourceTree = "<group>"; };
		53AA9E1A1FD9BC5100C35403 /* ZCCCodecFactory.h */ = {isa = PBXFileReference; lastKnownFileType = sourcecode.c.h; path = ZCCCodecFactory.h; sourceTree = "<group>"; };
		53AA9E1B1FD9BC5100C35403 /* ZCCCodecFactory.m */ = {isa = PBXFileReference; lastKnownFileType = sourcecode.c.objc; path = ZCCCodecFactory.m; sourceTree = "<group>"; };
		53AA9E1C1FD9BC5100C35403 /* ZCCDecoder.h */ = {isa = PBXFileReference; lastKnownFileType = sourcecode.c.h; path = ZCCDecoder.h; sourceTree = "<group>"; };
		53AA9E1D1FD9BC5100C35403 /* ZCCDecoder.mm */ = {isa = PBXFileReference; lastKnownFileType = sourcecode.cpp.objcpp; path = ZCCDecoder.mm; sourceTree = "<group>"; };
		53AA9E1F1FD9BC5100C35403 /* ZCCDecoderOpus.h */ = {isa = PBXFileReference; lastKnownFileType = sourcecode.c.h; path = ZCCDecoderOpus.h; sourceTree = "<group>"; };
		53AA9E201FD9BC5100C35403 /* ZCCDecoderOpus.mm */ = {isa = PBXFileReference; lastKnownFileType = sourcecode.cpp.objcpp; path = ZCCDecoderOpus.mm; sourceTree = "<group>"; };
		53AA9E211FD9BC5100C35403 /* ZCCEncoder.m */ = {isa = PBXFileReference; lastKnownFileType = sourcecode.c.objc; path = ZCCEncoder.m; sourceTree = "<group>"; };
		53AA9E231FD9BC5100C35403 /* ZCCEncoderOpus.h */ = {isa = PBXFileReference; lastKnownFileType = sourcecode.c.h; path = ZCCEncoderOpus.h; sourceTree = "<group>"; };
		53AA9E241FD9BC5100C35403 /* ZCCEncoderOpus.mm */ = {isa = PBXFileReference; lastKnownFileType = sourcecode.cpp.objcpp; path = ZCCEncoderOpus.mm; sourceTree = "<group>"; };
		53AA9E261FD9BC5100C35403 /* ZCCRecorder.h */ = {isa = PBXFileReference; lastKnownFileType = sourcecode.c.h; path = ZCCRecorder.h; sourceTree = "<group>"; };
		53AA9E281FD9BC5100C35403 /* ZCCRecorder.mm */ = {isa = PBXFileReference; lastKnownFileType = sourcecode.cpp.objcpp; path = ZCCRecorder.mm; sourceTree = "<group>"; };
		53AA9E291FD9BC5100C35403 /* ZCCPlayer.h */ = {isa = PBXFileReference; lastKnownFileType = sourcecode.c.h; path = ZCCPlayer.h; sourceTree = "<group>"; };
		53AA9E3C1FD9BD3C00C35403 /* ZCCEncoder.h */ = {isa = PBXFileReference; lastKnownFileType = sourcecode.c.h; path = ZCCEncoder.h; sourceTree = "<group>"; };
		53AA9E3E1FD9C0DD00C35403 /* ZCCAudioHelper.h */ = {isa = PBXFileReference; lastKnownFileType = sourcecode.c.h; path = ZCCAudioHelper.h; sourceTree = "<group>"; };
		53AA9E3F1FD9C0DD00C35403 /* ZCCAudioHelper.m */ = {isa = PBXFileReference; lastKnownFileType = sourcecode.c.objc; path = ZCCAudioHelper.m; sourceTree = "<group>"; };
		53AA9E431FD9C1D200C35403 /* ZCCQueueRunner.h */ = {isa = PBXFileReference; lastKnownFileType = sourcecode.c.h; path = ZCCQueueRunner.h; sourceTree = "<group>"; };
		53AA9E441FD9C1D200C35403 /* ZCCQueueRunner.m */ = {isa = PBXFileReference; lastKnownFileType = sourcecode.c.objc; path = ZCCQueueRunner.m; sourceTree = "<group>"; };
		53AA9E451FD9C1D200C35403 /* ZCCWeakReference.h */ = {isa = PBXFileReference; lastKnownFileType = sourcecode.c.h; path = ZCCWeakReference.h; sourceTree = "<group>"; };
		53AA9E461FD9C1D200C35403 /* ZCCWeakReference.m */ = {isa = PBXFileReference; lastKnownFileType = sourcecode.c.objc; path = ZCCWeakReference.m; sourceTree = "<group>"; };
		53AA9E541FD9C35F00C35403 /* libzopus.a */ = {isa = PBXFileReference; explicitFileType = archive.ar; path = libzopus.a; sourceTree = BUILT_PRODUCTS_DIR; };
		53AA9E551FD9CC2A00C35403 /* AudioToolbox.framework */ = {isa = PBXFileReference; lastKnownFileType = wrapper.framework; name = AudioToolbox.framework; path = System/Library/Frameworks/AudioToolbox.framework; sourceTree = SDKROOT; };
		53AA9E571FD9CC3200C35403 /* AVFoundation.framework */ = {isa = PBXFileReference; lastKnownFileType = wrapper.framework; name = AVFoundation.framework; path = System/Library/Frameworks/AVFoundation.framework; sourceTree = SDKROOT; };
		53AA9E5C1FD9CC8800C35403 /* AudioHelper.h */ = {isa = PBXFileReference; lastKnownFileType = sourcecode.c.h; path = AudioHelper.h; sourceTree = "<group>"; };
		53AA9E5D1FD9CC8800C35403 /* AudioHelper.m */ = {isa = PBXFileReference; lastKnownFileType = sourcecode.c.objc; path = AudioHelper.m; sourceTree = "<group>"; };
		53AA9E5F1FD9CC8800C35403 /* Codec.h */ = {isa = PBXFileReference; lastKnownFileType = sourcecode.c.h; path = Codec.h; sourceTree = "<group>"; };
		53AA9E601FD9CC8800C35403 /* CodecFactory.h */ = {isa = PBXFileReference; lastKnownFileType = sourcecode.c.h; path = CodecFactory.h; sourceTree = "<group>"; };
		53AA9E611FD9CC8800C35403 /* CodecFactory.m */ = {isa = PBXFileReference; lastKnownFileType = sourcecode.c.objc; path = CodecFactory.m; sourceTree = "<group>"; };
		53AA9E621FD9CC8800C35403 /* Decoder.h */ = {isa = PBXFileReference; lastKnownFileType = sourcecode.c.h; path = Decoder.h; sourceTree = "<group>"; };
		53AA9E631FD9CC8800C35403 /* Decoder.mm */ = {isa = PBXFileReference; lastKnownFileType = sourcecode.cpp.objcpp; path = Decoder.mm; sourceTree = "<group>"; };
		53AA9E641FD9CC8800C35403 /* DecoderListener.h */ = {isa = PBXFileReference; lastKnownFileType = sourcecode.c.h; path = DecoderListener.h; sourceTree = "<group>"; };
		53AA9E651FD9CC8800C35403 /* DecoderOpus.h */ = {isa = PBXFileReference; lastKnownFileType = sourcecode.c.h; path = DecoderOpus.h; sourceTree = "<group>"; };
		53AA9E661FD9CC8800C35403 /* DecoderOpus.mm */ = {isa = PBXFileReference; lastKnownFileType = sourcecode.cpp.objcpp; path = DecoderOpus.mm; sourceTree = "<group>"; };
		53AA9E671FD9CC8800C35403 /* Encoder.h */ = {isa = PBXFileReference; lastKnownFileType = sourcecode.c.h; path = Encoder.h; sourceTree = "<group>"; };
		53AA9E681FD9CC8800C35403 /* Encoder.m */ = {isa = PBXFileReference; lastKnownFileType = sourcecode.c.objc; path = Encoder.m; sourceTree = "<group>"; };
		53AA9E691FD9CC8800C35403 /* EncoderListener.h */ = {isa = PBXFileReference; lastKnownFileType = sourcecode.c.h; path = EncoderListener.h; sourceTree = "<group>"; };
		53AA9E6A1FD9CC8800C35403 /* EncoderOpus.h */ = {isa = PBXFileReference; lastKnownFileType = sourcecode.c.h; path = EncoderOpus.h; sourceTree = "<group>"; };
		53AA9E6B1FD9CC8800C35403 /* EncoderOpus.mm */ = {isa = PBXFileReference; lastKnownFileType = sourcecode.cpp.objcpp; path = EncoderOpus.mm; sourceTree = "<group>"; };
		53AA9E6C1FD9CC8800C35403 /* Player.h */ = {isa = PBXFileReference; lastKnownFileType = sourcecode.c.h; path = Player.h; sourceTree = "<group>"; };
		53AA9E6D1FD9CC8800C35403 /* Player.mm */ = {isa = PBXFileReference; lastKnownFileType = sourcecode.cpp.objcpp; path = Player.mm; sourceTree = "<group>"; };
		53AA9E6E1FD9CC8800C35403 /* Recorder.h */ = {isa = PBXFileReference; lastKnownFileType = sourcecode.c.h; path = Recorder.h; sourceTree = "<group>"; };
		53AA9E6F1FD9CC8800C35403 /* Recorder.mm */ = {isa = PBXFileReference; lastKnownFileType = sourcecode.cpp.objcpp; path = Recorder.mm; sourceTree = "<group>"; };
		53AA9E701FD9CC8800C35403 /* SilencePlayer.h */ = {isa = PBXFileReference; lastKnownFileType = sourcecode.c.h; path = SilencePlayer.h; sourceTree = "<group>"; };
		53AA9E711FD9CC8800C35403 /* SilencePlayer.m */ = {isa = PBXFileReference; lastKnownFileType = sourcecode.c.objc; path = SilencePlayer.m; sourceTree = "<group>"; };
		53AA9E731FD9CC8800C35403 /* Info.plist */ = {isa = PBXFileReference; lastKnownFileType = text.plist.xml; path = Info.plist; sourceTree = "<group>"; };
		53AA9E741FD9CC8800C35403 /* libopus.a */ = {isa = PBXFileReference; lastKnownFileType = archive.ar; path = libopus.a; sourceTree = "<group>"; };
		53AA9E751FD9CC8800C35403 /* sdk.h */ = {isa = PBXFileReference; lastKnownFileType = sourcecode.c.h; path = sdk.h; sourceTree = "<group>"; };
		53AA9E771FD9CC8800C35403 /* QueueRunner.h */ = {isa = PBXFileReference; lastKnownFileType = sourcecode.c.h; path = QueueRunner.h; sourceTree = "<group>"; };
		53AA9E781FD9CC8800C35403 /* QueueRunner.m */ = {isa = PBXFileReference; lastKnownFileType = sourcecode.c.objc; path = QueueRunner.m; sourceTree = "<group>"; };
		53AA9E791FD9CC8800C35403 /* WeakReference.h */ = {isa = PBXFileReference; lastKnownFileType = sourcecode.c.h; path = WeakReference.h; sourceTree = "<group>"; };
		53AA9E7A1FD9CC8800C35403 /* WeakReference.m */ = {isa = PBXFileReference; lastKnownFileType = sourcecode.c.objc; path = WeakReference.m; sourceTree = "<group>"; };
		53AA9E7B1FD9CC8800C35403 /* ZelloSdk.h */ = {isa = PBXFileReference; lastKnownFileType = sourcecode.c.h; path = ZelloSdk.h; sourceTree = "<group>"; };
		53AA9E7C1FD9CC8800C35403 /* ZelloSdk.m */ = {isa = PBXFileReference; lastKnownFileType = sourcecode.c.objc; path = ZelloSdk.m; sourceTree = "<group>"; };
		53AA9E7D1FD9CC8800C35403 /* ZelloSdkEvent.h */ = {isa = PBXFileReference; lastKnownFileType = sourcecode.c.h; path = ZelloSdkEvent.h; sourceTree = "<group>"; };
		53AA9E7E1FD9CC8800C35403 /* ZelloSdkEvent.m */ = {isa = PBXFileReference; lastKnownFileType = sourcecode.c.objc; path = ZelloSdkEvent.m; sourceTree = "<group>"; };
		53AA9E7F1FD9CC8800C35403 /* sdk.xcodeproj */ = {isa = PBXFileReference; lastKnownFileType = "wrapper.pb-project"; path = sdk.xcodeproj; sourceTree = "<group>"; };
		53AA9E831FD9CC8800C35403 /* Info.plist */ = {isa = PBXFileReference; lastKnownFileType = text.plist.xml; path = Info.plist; sourceTree = "<group>"; };
		53AA9E841FD9CC8800C35403 /* sdkTests.m */ = {isa = PBXFileReference; lastKnownFileType = sourcecode.c.objc; path = sdkTests.m; sourceTree = "<group>"; };
		53AA9E8B1FDA309A00C35403 /* ZCCWeakTimer.m */ = {isa = PBXFileReference; lastKnownFileType = sourcecode.c.objc; path = ZCCWeakTimer.m; sourceTree = "<group>"; };
		53AA9E8C1FDA309A00C35403 /* ZCCWeakTimer.h */ = {isa = PBXFileReference; lastKnownFileType = sourcecode.c.h; path = ZCCWeakTimer.h; sourceTree = "<group>"; };
		53AA9E9A1FDA5F1E00C35403 /* ZCCVoiceStream.h */ = {isa = PBXFileReference; lastKnownFileType = sourcecode.c.h; path = ZCCVoiceStream.h; sourceTree = "<group>"; };
		53AA9E9B1FDA5F1E00C35403 /* ZCCVoiceStream.m */ = {isa = PBXFileReference; lastKnownFileType = sourcecode.c.objc; path = ZCCVoiceStream.m; sourceTree = "<group>"; };
		53AA9E9E1FDA60A300C35403 /* ZCCIncomingVoiceStream.h */ = {isa = PBXFileReference; lastKnownFileType = sourcecode.c.h; path = ZCCIncomingVoiceStream.h; sourceTree = "<group>"; };
		53AA9E9F1FDA60A300C35403 /* ZCCIncomingVoiceStream.m */ = {isa = PBXFileReference; lastKnownFileType = sourcecode.c.objc; path = ZCCIncomingVoiceStream.m; sourceTree = "<group>"; };
		53AA9EA21FDA60BD00C35403 /* ZCCOutgoingVoiceStream.h */ = {isa = PBXFileReference; lastKnownFileType = sourcecode.c.h; path = ZCCOutgoingVoiceStream.h; sourceTree = "<group>"; };
		53AA9EA31FDA60BD00C35403 /* ZCCOutgoingVoiceStream.m */ = {isa = PBXFileReference; lastKnownFileType = sourcecode.c.objc; path = ZCCOutgoingVoiceStream.m; sourceTree = "<group>"; };
		53AA9EA61FDA681B00C35403 /* ZCCProtocol.h */ = {isa = PBXFileReference; lastKnownFileType = sourcecode.c.h; path = ZCCProtocol.h; sourceTree = "<group>"; };
		53AA9EAF1FDB69B700C35403 /* ZCCStreamState.h */ = {isa = PBXFileReference; lastKnownFileType = sourcecode.c.h; path = ZCCStreamState.h; sourceTree = "<group>"; };
		A8043FAB1FD5BE9000BFD1BF /* ZelloChannelKit.framework */ = {isa = PBXFileReference; explicitFileType = wrapper.framework; includeInIndex = 0; path = ZelloChannelKit.framework; sourceTree = BUILT_PRODUCTS_DIR; };
		A8043FAE1FD5BE9000BFD1BF /* ZelloChannelKit.h */ = {isa = PBXFileReference; lastKnownFileType = sourcecode.c.h; path = ZelloChannelKit.h; sourceTree = "<group>"; };
		A8043FAF1FD5BE9000BFD1BF /* Info.plist */ = {isa = PBXFileReference; lastKnownFileType = text.plist.xml; path = Info.plist; sourceTree = "<group>"; };
		A8043FB41FD5BE9000BFD1BF /* ZelloChannelKitTests.xctest */ = {isa = PBXFileReference; explicitFileType = wrapper.cfbundle; includeInIndex = 0; path = ZelloChannelKitTests.xctest; sourceTree = BUILT_PRODUCTS_DIR; };
		A8043FBB1FD5BE9000BFD1BF /* Info.plist */ = {isa = PBXFileReference; lastKnownFileType = text.plist.xml; path = Info.plist; sourceTree = "<group>"; };
		A85831F91FD6283D000ECA30 /* SocketIO.framework */ = {isa = PBXFileReference; explicitFileType = wrapper.framework; path = SocketIO.framework; sourceTree = BUILT_PRODUCTS_DIR; };
		A85831FA1FD62878000ECA30 /* ZCCSession.h */ = {isa = PBXFileReference; lastKnownFileType = sourcecode.c.h; path = ZCCSession.h; sourceTree = "<group>"; };
		A85831FB1FD62878000ECA30 /* ZCCSession.m */ = {isa = PBXFileReference; lastKnownFileType = sourcecode.c.objc; path = ZCCSession.m; sourceTree = "<group>"; };
		D116CDFB2022362F001999F1 /* ZCCCommands.h */ = {isa = PBXFileReference; lastKnownFileType = sourcecode.c.h; path = ZCCCommands.h; sourceTree = "<group>"; };
		D116CDFC2022362F001999F1 /* ZCCCommands.m */ = {isa = PBXFileReference; lastKnownFileType = sourcecode.c.objc; path = ZCCCommands.m; sourceTree = "<group>"; };
		D116CDFF20223691001999F1 /* ZCCSocket.h */ = {isa = PBXFileReference; lastKnownFileType = sourcecode.c.h; path = ZCCSocket.h; sourceTree = "<group>"; };
		D116CE0020223691001999F1 /* ZCCSocket.m */ = {isa = PBXFileReference; lastKnownFileType = sourcecode.c.objc; path = ZCCSocket.m; sourceTree = "<group>"; };
		D133F8A02028DAA100B40798 /* ZCCCodec.m */ = {isa = PBXFileReference; lastKnownFileType = sourcecode.c.objc; path = ZCCCodec.m; sourceTree = "<group>"; };
		D1358B842034A1620082B163 /* ZCCErrors.h */ = {isa = PBXFileReference; lastKnownFileType = sourcecode.c.h; path = ZCCErrors.h; sourceTree = "<group>"; };
		D1358B852034A1620082B163 /* ZCCErrors.m */ = {isa = PBXFileReference; lastKnownFileType = sourcecode.c.objc; path = ZCCErrors.m; sourceTree = "<group>"; };
		D13D1FE42074264F004D7EAD /* libicucore.tbd */ = {isa = PBXFileReference; lastKnownFileType = "sourcecode.text-based-dylib-definition"; name = libicucore.tbd; path = usr/lib/libicucore.tbd; sourceTree = SDKROOT; };
		D1441BCE206EB757009F22DE /* AppledocSettings.plist */ = {isa = PBXFileReference; fileEncoding = 4; lastKnownFileType = text.plist.xml; path = AppledocSettings.plist; sourceTree = "<group>"; };
		D16A41C42075689A009783DF /* NSURLRequest+ZCCSRWebSocket.h */ = {isa = PBXFileReference; fileEncoding = 4; lastKnownFileType = sourcecode.c.h; path = "NSURLRequest+ZCCSRWebSocket.h"; sourceTree = "<group>"; };
		D16A41C52075689A009783DF /* ZCCSRWebSocket.m */ = {isa = PBXFileReference; fileEncoding = 4; lastKnownFileType = sourcecode.c.objc; path = ZCCSRWebSocket.m; sourceTree = "<group>"; };
		D16A41C72075689A009783DF /* ZCCSRProxyConnect.m */ = {isa = PBXFileReference; fileEncoding = 4; lastKnownFileType = sourcecode.c.objc; path = ZCCSRProxyConnect.m; sourceTree = "<group>"; };
		D16A41C82075689A009783DF /* ZCCSRProxyConnect.h */ = {isa = PBXFileReference; fileEncoding = 4; lastKnownFileType = sourcecode.c.h; path = ZCCSRProxyConnect.h; sourceTree = "<group>"; };
		D16A41CA2075689A009783DF /* ZCCSRRunLoopThread.h */ = {isa = PBXFileReference; fileEncoding = 4; lastKnownFileType = sourcecode.c.h; path = ZCCSRRunLoopThread.h; sourceTree = "<group>"; };
		D16A41CB2075689A009783DF /* ZCCSRRunLoopThread.m */ = {isa = PBXFileReference; fileEncoding = 4; lastKnownFileType = sourcecode.c.objc; path = ZCCSRRunLoopThread.m; sourceTree = "<group>"; };
		D16A41CC2075689A009783DF /* LICENSE */ = {isa = PBXFileReference; fileEncoding = 4; lastKnownFileType = text; path = LICENSE; sourceTree = "<group>"; };
		D16A41CE2075689A009783DF /* ZCCSRPinningSecurityPolicy.m */ = {isa = PBXFileReference; fileEncoding = 4; lastKnownFileType = sourcecode.c.objc; path = ZCCSRPinningSecurityPolicy.m; sourceTree = "<group>"; };
		D16A41CF2075689A009783DF /* ZCCSRPinningSecurityPolicy.h */ = {isa = PBXFileReference; fileEncoding = 4; lastKnownFileType = sourcecode.c.h; path = ZCCSRPinningSecurityPolicy.h; sourceTree = "<group>"; };
		D16A41D02075689A009783DF /* NSRunLoop+ZCCSRWebSocketPrivate.h */ = {isa = PBXFileReference; fileEncoding = 4; lastKnownFileType = sourcecode.c.h; path = "NSRunLoop+ZCCSRWebSocketPrivate.h"; sourceTree = "<group>"; };
		D16A41D22075689A009783DF /* ZCCSRDelegateController.h */ = {isa = PBXFileReference; fileEncoding = 4; lastKnownFileType = sourcecode.c.h; path = ZCCSRDelegateController.h; sourceTree = "<group>"; };
		D16A41D32075689A009783DF /* ZCCSRDelegateController.m */ = {isa = PBXFileReference; fileEncoding = 4; lastKnownFileType = sourcecode.c.objc; path = ZCCSRDelegateController.m; sourceTree = "<group>"; };
		D16A41D42075689A009783DF /* ZCCSRSecurityPolicy.h */ = {isa = PBXFileReference; fileEncoding = 4; lastKnownFileType = sourcecode.c.h; path = ZCCSRSecurityPolicy.h; sourceTree = "<group>"; };
		D16A41D52075689A009783DF /* NSRunLoop+ZCCSRWebSocket.h */ = {isa = PBXFileReference; fileEncoding = 4; lastKnownFileType = sourcecode.c.h; path = "NSRunLoop+ZCCSRWebSocket.h"; sourceTree = "<group>"; };
		D16A41D72075689A009783DF /* ZCCSRHash.m */ = {isa = PBXFileReference; fileEncoding = 4; lastKnownFileType = sourcecode.c.objc; path = ZCCSRHash.m; sourceTree = "<group>"; };
		D16A41D82075689A009783DF /* ZCCSRConstants.h */ = {isa = PBXFileReference; fileEncoding = 4; lastKnownFileType = sourcecode.c.h; path = ZCCSRConstants.h; sourceTree = "<group>"; };
		D16A41D92075689A009783DF /* ZCCSRLog.h */ = {isa = PBXFileReference; fileEncoding = 4; lastKnownFileType = sourcecode.c.h; path = ZCCSRLog.h; sourceTree = "<group>"; };
		D16A41DA2075689A009783DF /* ZCCSRSIMDHelpers.h */ = {isa = PBXFileReference; fileEncoding = 4; lastKnownFileType = sourcecode.c.h; path = ZCCSRSIMDHelpers.h; sourceTree = "<group>"; };
		D16A41DB2075689A009783DF /* ZCCSRMutex.m */ = {isa = PBXFileReference; fileEncoding = 4; lastKnownFileType = sourcecode.c.objc; path = ZCCSRMutex.m; sourceTree = "<group>"; };
		D16A41DC2075689A009783DF /* ZCCSRError.h */ = {isa = PBXFileReference; fileEncoding = 4; lastKnownFileType = sourcecode.c.h; path = ZCCSRError.h; sourceTree = "<group>"; };
		D16A41DD2075689A009783DF /* ZCCSRHTTPConnectMessage.h */ = {isa = PBXFileReference; fileEncoding = 4; lastKnownFileType = sourcecode.c.h; path = ZCCSRHTTPConnectMessage.h; sourceTree = "<group>"; };
		D16A41DE2075689A009783DF /* ZCCSRRandom.m */ = {isa = PBXFileReference; fileEncoding = 4; lastKnownFileType = sourcecode.c.objc; path = ZCCSRRandom.m; sourceTree = "<group>"; };
		D16A41DF2075689A009783DF /* ZCCSRURLUtilities.m */ = {isa = PBXFileReference; fileEncoding = 4; lastKnownFileType = sourcecode.c.objc; path = ZCCSRURLUtilities.m; sourceTree = "<group>"; };
		D16A41E02075689A009783DF /* ZCCSRLog.m */ = {isa = PBXFileReference; fileEncoding = 4; lastKnownFileType = sourcecode.c.objc; path = ZCCSRLog.m; sourceTree = "<group>"; };
		D16A41E12075689A009783DF /* ZCCSRConstants.m */ = {isa = PBXFileReference; fileEncoding = 4; lastKnownFileType = sourcecode.c.objc; path = ZCCSRConstants.m; sourceTree = "<group>"; };
		D16A41E22075689A009783DF /* ZCCSRHash.h */ = {isa = PBXFileReference; fileEncoding = 4; lastKnownFileType = sourcecode.c.h; path = ZCCSRHash.h; sourceTree = "<group>"; };
		D16A41E32075689A009783DF /* ZCCSRMutex.h */ = {isa = PBXFileReference; fileEncoding = 4; lastKnownFileType = sourcecode.c.h; path = ZCCSRMutex.h; sourceTree = "<group>"; };
		D16A41E42075689A009783DF /* ZCCSRSIMDHelpers.m */ = {isa = PBXFileReference; fileEncoding = 4; lastKnownFileType = sourcecode.c.objc; path = ZCCSRSIMDHelpers.m; sourceTree = "<group>"; };
		D16A41E52075689A009783DF /* ZCCSRURLUtilities.h */ = {isa = PBXFileReference; fileEncoding = 4; lastKnownFileType = sourcecode.c.h; path = ZCCSRURLUtilities.h; sourceTree = "<group>"; };
		D16A41E62075689A009783DF /* ZCCSRRandom.h */ = {isa = PBXFileReference; fileEncoding = 4; lastKnownFileType = sourcecode.c.h; path = ZCCSRRandom.h; sourceTree = "<group>"; };
		D16A41E72075689A009783DF /* ZCCSRHTTPConnectMessage.m */ = {isa = PBXFileReference; fileEncoding = 4; lastKnownFileType = sourcecode.c.objc; path = ZCCSRHTTPConnectMessage.m; sourceTree = "<group>"; };
		D16A41E82075689A009783DF /* ZCCSRError.m */ = {isa = PBXFileReference; fileEncoding = 4; lastKnownFileType = sourcecode.c.objc; path = ZCCSRError.m; sourceTree = "<group>"; };
		D16A41EA2075689A009783DF /* ZCCSRIOConsumer.h */ = {isa = PBXFileReference; fileEncoding = 4; lastKnownFileType = sourcecode.c.h; path = ZCCSRIOConsumer.h; sourceTree = "<group>"; };
		D16A41EB2075689A009783DF /* ZCCSRIOConsumerPool.m */ = {isa = PBXFileReference; fileEncoding = 4; lastKnownFileType = sourcecode.c.objc; path = ZCCSRIOConsumerPool.m; sourceTree = "<group>"; };
		D16A41EC2075689A009783DF /* ZCCSRIOConsumer.m */ = {isa = PBXFileReference; fileEncoding = 4; lastKnownFileType = sourcecode.c.objc; path = ZCCSRIOConsumer.m; sourceTree = "<group>"; };
		D16A41ED2075689A009783DF /* ZCCSRIOConsumerPool.h */ = {isa = PBXFileReference; fileEncoding = 4; lastKnownFileType = sourcecode.c.h; path = ZCCSRIOConsumerPool.h; sourceTree = "<group>"; };
		D16A41EE2075689A009783DF /* NSURLRequest+ZCCSRWebSocket.m */ = {isa = PBXFileReference; fileEncoding = 4; lastKnownFileType = sourcecode.c.objc; path = "NSURLRequest+ZCCSRWebSocket.m"; sourceTree = "<group>"; };
		D16A41EF2075689A009783DF /* ZCCSRWebSocket.h */ = {isa = PBXFileReference; fileEncoding = 4; lastKnownFileType = sourcecode.c.h; path = ZCCSRWebSocket.h; sourceTree = "<group>"; };
		D16A41F02075689A009783DF /* NSRunLoop+ZCCSRWebSocket.m */ = {isa = PBXFileReference; fileEncoding = 4; lastKnownFileType = sourcecode.c.objc; path = "NSRunLoop+ZCCSRWebSocket.m"; sourceTree = "<group>"; };
		D16A41F12075689A009783DF /* NSURLRequest+ZCCSRWebSocketPrivate.h */ = {isa = PBXFileReference; fileEncoding = 4; lastKnownFileType = sourcecode.c.h; path = "NSURLRequest+ZCCSRWebSocketPrivate.h"; sourceTree = "<group>"; };
		D16A41F22075689A009783DF /* ZCCSRSecurityPolicy.m */ = {isa = PBXFileReference; fileEncoding = 4; lastKnownFileType = sourcecode.c.objc; path = ZCCSRSecurityPolicy.m; sourceTree = "<group>"; };
		D16DC0332069756A003F9A6A /* ZCCSocketTests.m */ = {isa = PBXFileReference; lastKnownFileType = sourcecode.c.objc; path = ZCCSocketTests.m; sourceTree = "<group>"; };
		D16DC03520697809003F9A6A /* ZCCWebSocketFactory.h */ = {isa = PBXFileReference; lastKnownFileType = sourcecode.c.h; path = ZCCWebSocketFactory.h; sourceTree = "<group>"; };
		D16DC03620697809003F9A6A /* ZCCWebSocketFactory.m */ = {isa = PBXFileReference; lastKnownFileType = sourcecode.c.objc; path = ZCCWebSocketFactory.m; sourceTree = "<group>"; };
		D16DC03A2069801B003F9A6A /* SocketRocket.framework */ = {isa = PBXFileReference; explicitFileType = wrapper.framework; path = SocketRocket.framework; sourceTree = BUILT_PRODUCTS_DIR; };
		D19DBC58205095CD005C632A /* ZCCCustomAudioSourceReceiver.h */ = {isa = PBXFileReference; lastKnownFileType = sourcecode.c.h; path = ZCCCustomAudioSourceReceiver.h; sourceTree = "<group>"; };
		D19DBC59205095CD005C632A /* ZCCCustomAudioSourceReceiver.m */ = {isa = PBXFileReference; lastKnownFileType = sourcecode.c.objc; path = ZCCCustomAudioSourceReceiver.m; sourceTree = "<group>"; };
		D1ABD911202270C600F3FCD6 /* ZCCStreamParams.h */ = {isa = PBXFileReference; lastKnownFileType = sourcecode.c.h; path = ZCCStreamParams.h; sourceTree = "<group>"; };
		D1ABD912202270C600F3FCD6 /* ZCCStreamParams.m */ = {isa = PBXFileReference; lastKnownFileType = sourcecode.c.objc; path = ZCCStreamParams.m; sourceTree = "<group>"; };
		D1B148E32047585500450E8D /* ZCCOutgoingVoiceConfiguration.h */ = {isa = PBXFileReference; lastKnownFileType = sourcecode.c.h; path = ZCCOutgoingVoiceConfiguration.h; sourceTree = "<group>"; };
		D1B148E42047585500450E8D /* ZCCOutgoingVoiceConfiguration.m */ = {isa = PBXFileReference; lastKnownFileType = sourcecode.c.objc; path = ZCCOutgoingVoiceConfiguration.m; sourceTree = "<group>"; };
		D1B190C52065A902009309CA /* ZCCCustomAudioSourceTests.m */ = {isa = PBXFileReference; lastKnownFileType = sourcecode.c.objc; path = ZCCCustomAudioSourceTests.m; sourceTree = "<group>"; };
		D1BB3DCF2024D9E8006B8852 /* ZCCProtocol.m */ = {isa = PBXFileReference; lastKnownFileType = sourcecode.c.objc; path = ZCCProtocol.m; sourceTree = "<group>"; };
		D1C8899E2040AA6B00814E5A /* ZCCVoiceStream+Internal.h */ = {isa = PBXFileReference; lastKnownFileType = sourcecode.c.h; path = "ZCCVoiceStream+Internal.h"; sourceTree = "<group>"; };
		D1C8ABB7206445AC009A39CF /* ZCCSessionTests.m */ = {isa = PBXFileReference; lastKnownFileType = sourcecode.c.objc; path = ZCCSessionTests.m; sourceTree = "<group>"; };
		D1C8ABB92064488E009A39CF /* ZCCSocketFactory.h */ = {isa = PBXFileReference; lastKnownFileType = sourcecode.c.h; path = ZCCSocketFactory.h; sourceTree = "<group>"; };
		D1C8ABBA2064488E009A39CF /* ZCCSocketFactory.m */ = {isa = PBXFileReference; lastKnownFileType = sourcecode.c.objc; path = ZCCSocketFactory.m; sourceTree = "<group>"; };
		D1C8ABBD20644AC7009A39CF /* libOCMock.a */ = {isa = PBXFileReference; lastKnownFileType = archive.ar; name = libOCMock.a; path = "../OCMock-3.4.1/libOCMock.a"; sourceTree = "<group>"; };
		D1CE42912023D0C700975001 /* SocketRocket.framework */ = {isa = PBXFileReference; explicitFileType = wrapper.framework; path = SocketRocket.framework; sourceTree = BUILT_PRODUCTS_DIR; };
		D1D10EF42057267300DE129A /* ZCCAudioUtils.h */ = {isa = PBXFileReference; lastKnownFileType = sourcecode.c.h; path = ZCCAudioUtils.h; sourceTree = "<group>"; };
		D1D10EF52057267300DE129A /* ZCCAudioUtils.m */ = {isa = PBXFileReference; lastKnownFileType = sourcecode.c.objc; path = ZCCAudioUtils.m; sourceTree = "<group>"; };
		D1D53522204F0C910029021F /* ZCCCustomAudioReceiver.h */ = {isa = PBXFileReference; lastKnownFileType = sourcecode.c.h; path = ZCCCustomAudioReceiver.h; sourceTree = "<group>"; };
		D1D53523204F0C910029021F /* ZCCCustomAudioReceiver.m */ = {isa = PBXFileReference; lastKnownFileType = sourcecode.c.objc; path = ZCCCustomAudioReceiver.m; sourceTree = "<group>"; };
		D1D53526204F0CA60029021F /* ZCCAudioReceiver.h */ = {isa = PBXFileReference; lastKnownFileType = sourcecode.c.h; path = ZCCAudioReceiver.h; sourceTree = "<group>"; };
		D1D61FE3204DB80200FE5392 /* ZCCIncomingVoiceConfiguration.h */ = {isa = PBXFileReference; lastKnownFileType = sourcecode.c.h; path = ZCCIncomingVoiceConfiguration.h; sourceTree = "<group>"; };
		D1D61FE4204DB80200FE5392 /* ZCCIncomingVoiceConfiguration.m */ = {isa = PBXFileReference; lastKnownFileType = sourcecode.c.objc; path = ZCCIncomingVoiceConfiguration.m; sourceTree = "<group>"; };
		D1D61FE7204DBD1700FE5392 /* ZCCIncomingVoiceStreamInfo+Internal.h */ = {isa = PBXFileReference; lastKnownFileType = sourcecode.c.h; path = "ZCCIncomingVoiceStreamInfo+Internal.h"; sourceTree = "<group>"; };
		D1DFA09E202B95D000B4E05E /* ZCCVoiceStreamsManager.m */ = {isa = PBXFileReference; fileEncoding = 4; lastKnownFileType = sourcecode.c.objc; path = ZCCVoiceStreamsManager.m; sourceTree = "<group>"; };
		D1DFA09F202B95D000B4E05E /* ZCCVoiceStreamsManager.h */ = {isa = PBXFileReference; fileEncoding = 4; lastKnownFileType = sourcecode.c.h; path = ZCCVoiceStreamsManager.h; sourceTree = "<group>"; };
		D1E4E72520460EC8000ED028 /* ZCCOutgoingVoiceStream+Internal.h */ = {isa = PBXFileReference; lastKnownFileType = sourcecode.c.h; path = "ZCCOutgoingVoiceStream+Internal.h"; sourceTree = "<group>"; };
		D1E4E72620461A51000ED028 /* ZCCIncomingVoiceStream+Internal.h */ = {isa = PBXFileReference; lastKnownFileType = sourcecode.c.h; path = "ZCCIncomingVoiceStream+Internal.h"; sourceTree = "<group>"; };
		D1EFBB35206561C300FF4A2E /* ZCCPermissionsManager.h */ = {isa = PBXFileReference; lastKnownFileType = sourcecode.c.h; path = ZCCPermissionsManager.h; sourceTree = "<group>"; };
		D1EFBB36206561C300FF4A2E /* ZCCPermissionsManager.m */ = {isa = PBXFileReference; lastKnownFileType = sourcecode.c.objc; path = ZCCPermissionsManager.m; sourceTree = "<group>"; };
		D1F6F545204891530045A100 /* ZCCCustomAudioSource.h */ = {isa = PBXFileReference; lastKnownFileType = sourcecode.c.h; path = ZCCCustomAudioSource.h; sourceTree = "<group>"; };
		D1F6F546204891530045A100 /* ZCCCustomAudioSource.m */ = {isa = PBXFileReference; lastKnownFileType = sourcecode.c.objc; path = ZCCCustomAudioSource.m; sourceTree = "<group>"; };
		D1F6F549204891870045A100 /* ZCCAudioSource.h */ = {isa = PBXFileReference; lastKnownFileType = sourcecode.c.h; path = ZCCAudioSource.h; sourceTree = "<group>"; };
/* End PBXFileReference section */

/* Begin PBXFrameworksBuildPhase section */
		A8043FA71FD5BE9000BFD1BF /* Frameworks */ = {
			isa = PBXFrameworksBuildPhase;
			buildActionMask = 2147483647;
			files = (
				D13D1FE52074264F004D7EAD /* libicucore.tbd in Frameworks */,
				53AA9E851FD9CC9500C35403 /* libopus.a in Frameworks */,
				53AA9E581FD9CC3200C35403 /* AVFoundation.framework in Frameworks */,
				53AA9E561FD9CC2A00C35403 /* AudioToolbox.framework in Frameworks */,
				53AA9E531FD9C35F00C35403 /* libzopus.a in Frameworks */,
			);
			runOnlyForDeploymentPostprocessing = 0;
		};
		A8043FB11FD5BE9000BFD1BF /* Frameworks */ = {
			isa = PBXFrameworksBuildPhase;
			buildActionMask = 2147483647;
			files = (
				D1C8ABBE20644AC7009A39CF /* libOCMock.a in Frameworks */,
				A8043FB51FD5BE9000BFD1BF /* ZelloChannelKit.framework in Frameworks */,
			);
			runOnlyForDeploymentPostprocessing = 0;
		};
/* End PBXFrameworksBuildPhase section */

/* Begin PBXGroup section */
		53AA9E151FD9A8DC00C35403 /* audio */ = {
			isa = PBXGroup;
			children = (
				53AA9E181FD9BC5100C35403 /* codecs */,
				53AA9E3E1FD9C0DD00C35403 /* ZCCAudioHelper.h */,
				53AA9E3F1FD9C0DD00C35403 /* ZCCAudioHelper.m */,
				D1D53526204F0CA60029021F /* ZCCAudioReceiver.h */,
				D1F6F549204891870045A100 /* ZCCAudioSource.h */,
				D1D10EF42057267300DE129A /* ZCCAudioUtils.h */,
				D1D10EF52057267300DE129A /* ZCCAudioUtils.m */,
				D1D53522204F0C910029021F /* ZCCCustomAudioReceiver.h */,
				D1D53523204F0C910029021F /* ZCCCustomAudioReceiver.m */,
				D1F6F545204891530045A100 /* ZCCCustomAudioSource.h */,
				D1F6F546204891530045A100 /* ZCCCustomAudioSource.m */,
				D19DBC58205095CD005C632A /* ZCCCustomAudioSourceReceiver.h */,
				D19DBC59205095CD005C632A /* ZCCCustomAudioSourceReceiver.m */,
				53AA9E291FD9BC5100C35403 /* ZCCPlayer.h */,
				53AA9E171FD9BC5100C35403 /* ZCCPlayer.mm */,
				53AA9E261FD9BC5100C35403 /* ZCCRecorder.h */,
				53AA9E281FD9BC5100C35403 /* ZCCRecorder.mm */,
			);
			path = audio;
			sourceTree = "<group>";
		};
		53AA9E181FD9BC5100C35403 /* codecs */ = {
			isa = PBXGroup;
			children = (
				53AA9E191FD9BC5100C35403 /* ZCCCodec.h */,
				D133F8A02028DAA100B40798 /* ZCCCodec.m */,
				53AA9E1A1FD9BC5100C35403 /* ZCCCodecFactory.h */,
				53AA9E1B1FD9BC5100C35403 /* ZCCCodecFactory.m */,
				53AA9E1C1FD9BC5100C35403 /* ZCCDecoder.h */,
				53AA9E1D1FD9BC5100C35403 /* ZCCDecoder.mm */,
				53AA9E1F1FD9BC5100C35403 /* ZCCDecoderOpus.h */,
				53AA9E201FD9BC5100C35403 /* ZCCDecoderOpus.mm */,
				53AA9E3C1FD9BD3C00C35403 /* ZCCEncoder.h */,
				53AA9E211FD9BC5100C35403 /* ZCCEncoder.m */,
				53AA9E231FD9BC5100C35403 /* ZCCEncoderOpus.h */,
				53AA9E241FD9BC5100C35403 /* ZCCEncoderOpus.mm */,
			);
			path = codecs;
			sourceTree = "<group>";
		};
		53AA9E421FD9C13B00C35403 /* utils */ = {
			isa = PBXGroup;
			children = (
				D1EFBB35206561C300FF4A2E /* ZCCPermissionsManager.h */,
				D1EFBB36206561C300FF4A2E /* ZCCPermissionsManager.m */,
				53AA9E431FD9C1D200C35403 /* ZCCQueueRunner.h */,
				53AA9E441FD9C1D200C35403 /* ZCCQueueRunner.m */,
				53AA9E451FD9C1D200C35403 /* ZCCWeakReference.h */,
				53AA9E461FD9C1D200C35403 /* ZCCWeakReference.m */,
				53AA9E8C1FDA309A00C35403 /* ZCCWeakTimer.h */,
				53AA9E8B1FDA309A00C35403 /* ZCCWeakTimer.m */,
			);
			path = utils;
			sourceTree = "<group>";
		};
		53AA9E591FD9CC8800C35403 /* sdk */ = {
			isa = PBXGroup;
			children = (
				53AA9E5A1FD9CC8800C35403 /* sdk */,
				53AA9E7F1FD9CC8800C35403 /* sdk.xcodeproj */,
				53AA9E821FD9CC8800C35403 /* sdkTests */,
			);
			name = sdk;
			sourceTree = "<group>";
		};
		53AA9E5A1FD9CC8800C35403 /* sdk */ = {
			isa = PBXGroup;
			children = (
				53AA9E5B1FD9CC8800C35403 /* audio */,
				53AA9E721FD9CC8800C35403 /* crypto */,
				53AA9E731FD9CC8800C35403 /* Info.plist */,
				53AA9E741FD9CC8800C35403 /* libopus.a */,
				53AA9E751FD9CC8800C35403 /* sdk.h */,
				53AA9E761FD9CC8800C35403 /* utils */,
				53AA9E7B1FD9CC8800C35403 /* ZelloSdk.h */,
				53AA9E7C1FD9CC8800C35403 /* ZelloSdk.m */,
				53AA9E7D1FD9CC8800C35403 /* ZelloSdkEvent.h */,
				53AA9E7E1FD9CC8800C35403 /* ZelloSdkEvent.m */,
			);
			path = sdk;
			sourceTree = "<group>";
		};
		53AA9E5B1FD9CC8800C35403 /* audio */ = {
			isa = PBXGroup;
			children = (
				53AA9E5C1FD9CC8800C35403 /* AudioHelper.h */,
				53AA9E5D1FD9CC8800C35403 /* AudioHelper.m */,
				53AA9E5E1FD9CC8800C35403 /* codecs */,
				53AA9E6C1FD9CC8800C35403 /* Player.h */,
				53AA9E6D1FD9CC8800C35403 /* Player.mm */,
				53AA9E6E1FD9CC8800C35403 /* Recorder.h */,
				53AA9E6F1FD9CC8800C35403 /* Recorder.mm */,
				53AA9E701FD9CC8800C35403 /* SilencePlayer.h */,
				53AA9E711FD9CC8800C35403 /* SilencePlayer.m */,
			);
			path = audio;
			sourceTree = "<group>";
		};
		53AA9E5E1FD9CC8800C35403 /* codecs */ = {
			isa = PBXGroup;
			children = (
				53AA9E5F1FD9CC8800C35403 /* Codec.h */,
				53AA9E601FD9CC8800C35403 /* CodecFactory.h */,
				53AA9E611FD9CC8800C35403 /* CodecFactory.m */,
				53AA9E621FD9CC8800C35403 /* Decoder.h */,
				53AA9E631FD9CC8800C35403 /* Decoder.mm */,
				53AA9E641FD9CC8800C35403 /* DecoderListener.h */,
				53AA9E651FD9CC8800C35403 /* DecoderOpus.h */,
				53AA9E661FD9CC8800C35403 /* DecoderOpus.mm */,
				53AA9E671FD9CC8800C35403 /* Encoder.h */,
				53AA9E681FD9CC8800C35403 /* Encoder.m */,
				53AA9E691FD9CC8800C35403 /* EncoderListener.h */,
				53AA9E6A1FD9CC8800C35403 /* EncoderOpus.h */,
				53AA9E6B1FD9CC8800C35403 /* EncoderOpus.mm */,
			);
			path = codecs;
			sourceTree = "<group>";
		};
		53AA9E721FD9CC8800C35403 /* crypto */ = {
			isa = PBXGroup;
			children = (
			);
			path = crypto;
			sourceTree = "<group>";
		};
		53AA9E761FD9CC8800C35403 /* utils */ = {
			isa = PBXGroup;
			children = (
				53AA9E771FD9CC8800C35403 /* QueueRunner.h */,
				53AA9E781FD9CC8800C35403 /* QueueRunner.m */,
				53AA9E791FD9CC8800C35403 /* WeakReference.h */,
				53AA9E7A1FD9CC8800C35403 /* WeakReference.m */,
			);
			path = utils;
			sourceTree = "<group>";
		};
		53AA9E801FD9CC8800C35403 /* Products */ = {
			isa = PBXGroup;
			name = Products;
			sourceTree = "<group>";
		};
		53AA9E821FD9CC8800C35403 /* sdkTests */ = {
			isa = PBXGroup;
			children = (
				53AA9E831FD9CC8800C35403 /* Info.plist */,
				53AA9E841FD9CC8800C35403 /* sdkTests.m */,
			);
			path = sdkTests;
			sourceTree = "<group>";
		};
		53AA9E991FDA5EFE00C35403 /* streams */ = {
			isa = PBXGroup;
			children = (
				D1D61FE3204DB80200FE5392 /* ZCCIncomingVoiceConfiguration.h */,
				D1D61FE4204DB80200FE5392 /* ZCCIncomingVoiceConfiguration.m */,
				53AA9E9E1FDA60A300C35403 /* ZCCIncomingVoiceStream.h */,
				D1E4E72620461A51000ED028 /* ZCCIncomingVoiceStream+Internal.h */,
				53AA9E9F1FDA60A300C35403 /* ZCCIncomingVoiceStream.m */,
				D1D61FE7204DBD1700FE5392 /* ZCCIncomingVoiceStreamInfo+Internal.h */,
				D1B148E32047585500450E8D /* ZCCOutgoingVoiceConfiguration.h */,
				D1B148E42047585500450E8D /* ZCCOutgoingVoiceConfiguration.m */,
				53AA9EA21FDA60BD00C35403 /* ZCCOutgoingVoiceStream.h */,
				D1E4E72520460EC8000ED028 /* ZCCOutgoingVoiceStream+Internal.h */,
				53AA9EA31FDA60BD00C35403 /* ZCCOutgoingVoiceStream.m */,
				D1ABD911202270C600F3FCD6 /* ZCCStreamParams.h */,
				D1ABD912202270C600F3FCD6 /* ZCCStreamParams.m */,
				53AA9EAF1FDB69B700C35403 /* ZCCStreamState.h */,
				53AA9E9A1FDA5F1E00C35403 /* ZCCVoiceStream.h */,
				D1C8899E2040AA6B00814E5A /* ZCCVoiceStream+Internal.h */,
				53AA9E9B1FDA5F1E00C35403 /* ZCCVoiceStream.m */,
				D1DFA09F202B95D000B4E05E /* ZCCVoiceStreamsManager.h */,
				D1DFA09E202B95D000B4E05E /* ZCCVoiceStreamsManager.m */,
			);
			path = streams;
			sourceTree = "<group>";
		};
		A8043FA11FD5BE9000BFD1BF = {
			isa = PBXGroup;
			children = (
				D1441BCE206EB757009F22DE /* AppledocSettings.plist */,
				A8043FAD1FD5BE9000BFD1BF /* ZelloChannelKit */,
				A8043FB81FD5BE9000BFD1BF /* ZelloChannelKitTests */,
				A8043FAC1FD5BE9000BFD1BF /* Products */,
				A80440961FD5CFCB00BFD1BF /* Frameworks */,
			);
			sourceTree = "<group>";
		};
		A8043FAC1FD5BE9000BFD1BF /* Products */ = {
			isa = PBXGroup;
			children = (
				A8043FAB1FD5BE9000BFD1BF /* ZelloChannelKit.framework */,
				A8043FB41FD5BE9000BFD1BF /* ZelloChannelKitTests.xctest */,
			);
			name = Products;
			sourceTree = "<group>";
		};
		A8043FAD1FD5BE9000BFD1BF /* ZelloChannelKit */ = {
			isa = PBXGroup;
			children = (
				D116CDF5202228D9001999F1 /* network */,
				53AA9E991FDA5EFE00C35403 /* streams */,
				53AA9E421FD9C13B00C35403 /* utils */,
				53AA9E151FD9A8DC00C35403 /* audio */,
				A8043FAE1FD5BE9000BFD1BF /* ZelloChannelKit.h */,
				A8043FAF1FD5BE9000BFD1BF /* Info.plist */,
				D1358B842034A1620082B163 /* ZCCErrors.h */,
				D1358B852034A1620082B163 /* ZCCErrors.m */,
				53AA9EA61FDA681B00C35403 /* ZCCProtocol.h */,
				D1BB3DCF2024D9E8006B8852 /* ZCCProtocol.m */,
				A85831FA1FD62878000ECA30 /* ZCCSession.h */,
				A85831FB1FD62878000ECA30 /* ZCCSession.m */,
			);
			path = ZelloChannelKit;
			sourceTree = "<group>";
		};
		A8043FB81FD5BE9000BFD1BF /* ZelloChannelKitTests */ = {
			isa = PBXGroup;
			children = (
				D1B190C12065A8CC009309CA /* audio */,
				D16DC03220697552003F9A6A /* network */,
				A8043FBB1FD5BE9000BFD1BF /* Info.plist */,
				D1C8ABB7206445AC009A39CF /* ZCCSessionTests.m */,
			);
			path = ZelloChannelKitTests;
			sourceTree = "<group>";
		};
		A80440961FD5CFCB00BFD1BF /* Frameworks */ = {
			isa = PBXGroup;
			children = (
				D13D1FE42074264F004D7EAD /* libicucore.tbd */,
				D16DC03A2069801B003F9A6A /* SocketRocket.framework */,
				D1C8ABBD20644AC7009A39CF /* libOCMock.a */,
				D1CE42912023D0C700975001 /* SocketRocket.framework */,
				53AA9E591FD9CC8800C35403 /* sdk */,
				53AA9E571FD9CC3200C35403 /* AVFoundation.framework */,
				53AA9E551FD9CC2A00C35403 /* AudioToolbox.framework */,
				53AA9E541FD9C35F00C35403 /* libzopus.a */,
				A85831F91FD6283D000ECA30 /* SocketIO.framework */,
			);
			name = Frameworks;
			sourceTree = "<group>";
		};
		D116CDF5202228D9001999F1 /* network */ = {
			isa = PBXGroup;
			children = (
				D16A41C320756899009783DF /* SocketRocket */,
				D116CDFB2022362F001999F1 /* ZCCCommands.h */,
				D116CDFC2022362F001999F1 /* ZCCCommands.m */,
				D116CDFF20223691001999F1 /* ZCCSocket.h */,
				D116CE0020223691001999F1 /* ZCCSocket.m */,
				D1C8ABB92064488E009A39CF /* ZCCSocketFactory.h */,
				D1C8ABBA2064488E009A39CF /* ZCCSocketFactory.m */,
				D16DC03520697809003F9A6A /* ZCCWebSocketFactory.h */,
				D16DC03620697809003F9A6A /* ZCCWebSocketFactory.m */,
			);
			path = network;
			sourceTree = "<group>";
		};
		D16A41C320756899009783DF /* SocketRocket */ = {
			isa = PBXGroup;
			children = (
				D16A41CC2075689A009783DF /* LICENSE */,
				D16A41D12075689A009783DF /* Delegate */,
				D16A41E92075689A009783DF /* IOConsumer */,
				D16A41C62075689A009783DF /* Proxy */,
				D16A41C92075689A009783DF /* RunLoop */,
				D16A41CD2075689A009783DF /* Security */,
				D16A41D62075689A009783DF /* Utilities */,
				D16A41D52075689A009783DF /* NSRunLoop+ZCCSRWebSocket.h */,
				D16A41D02075689A009783DF /* NSRunLoop+ZCCSRWebSocketPrivate.h */,
				D16A41F02075689A009783DF /* NSRunLoop+ZCCSRWebSocket.m */,
				D16A41C42075689A009783DF /* NSURLRequest+ZCCSRWebSocket.h */,
				D16A41F12075689A009783DF /* NSURLRequest+ZCCSRWebSocketPrivate.h */,
				D16A41EE2075689A009783DF /* NSURLRequest+ZCCSRWebSocket.m */,
				D16A41EF2075689A009783DF /* ZCCSRWebSocket.h */,
				D16A41C52075689A009783DF /* ZCCSRWebSocket.m */,
				D16A41D42075689A009783DF /* ZCCSRSecurityPolicy.h */,
				D16A41F22075689A009783DF /* ZCCSRSecurityPolicy.m */,
			);
			path = SocketRocket;
			sourceTree = "<group>";
		};
		D16A41C62075689A009783DF /* Proxy */ = {
			isa = PBXGroup;
			children = (
				D16A41C82075689A009783DF /* ZCCSRProxyConnect.h */,
				D16A41C72075689A009783DF /* ZCCSRProxyConnect.m */,
			);
			path = Proxy;
			sourceTree = "<group>";
		};
		D16A41C92075689A009783DF /* RunLoop */ = {
			isa = PBXGroup;
			children = (
				D16A41CA2075689A009783DF /* ZCCSRRunLoopThread.h */,
				D16A41CB2075689A009783DF /* ZCCSRRunLoopThread.m */,
			);
			path = RunLoop;
			sourceTree = "<group>";
		};
		D16A41CD2075689A009783DF /* Security */ = {
			isa = PBXGroup;
			children = (
				D16A41CF2075689A009783DF /* ZCCSRPinningSecurityPolicy.h */,
				D16A41CE2075689A009783DF /* ZCCSRPinningSecurityPolicy.m */,
			);
			path = Security;
			sourceTree = "<group>";
		};
		D16A41D12075689A009783DF /* Delegate */ = {
			isa = PBXGroup;
			children = (
				D16A41D22075689A009783DF /* ZCCSRDelegateController.h */,
				D16A41D32075689A009783DF /* ZCCSRDelegateController.m */,
			);
			path = Delegate;
			sourceTree = "<group>";
		};
		D16A41D62075689A009783DF /* Utilities */ = {
			isa = PBXGroup;
			children = (
				D16A41D82075689A009783DF /* ZCCSRConstants.h */,
				D16A41E12075689A009783DF /* ZCCSRConstants.m */,
				D16A41DC2075689A009783DF /* ZCCSRError.h */,
				D16A41E82075689A009783DF /* ZCCSRError.m */,
				D16A41DD2075689A009783DF /* ZCCSRHTTPConnectMessage.h */,
				D16A41E72075689A009783DF /* ZCCSRHTTPConnectMessage.m */,
				D16A41E22075689A009783DF /* ZCCSRHash.h */,
				D16A41D72075689A009783DF /* ZCCSRHash.m */,
				D16A41D92075689A009783DF /* ZCCSRLog.h */,
				D16A41E02075689A009783DF /* ZCCSRLog.m */,
				D16A41E32075689A009783DF /* ZCCSRMutex.h */,
				D16A41DB2075689A009783DF /* ZCCSRMutex.m */,
				D16A41E62075689A009783DF /* ZCCSRRandom.h */,
				D16A41DE2075689A009783DF /* ZCCSRRandom.m */,
				D16A41DA2075689A009783DF /* ZCCSRSIMDHelpers.h */,
				D16A41E42075689A009783DF /* ZCCSRSIMDHelpers.m */,
				D16A41E52075689A009783DF /* ZCCSRURLUtilities.h */,
				D16A41DF2075689A009783DF /* ZCCSRURLUtilities.m */,
			);
			path = Utilities;
			sourceTree = "<group>";
		};
		D16A41E92075689A009783DF /* IOConsumer */ = {
			isa = PBXGroup;
			children = (
				D16A41EA2075689A009783DF /* ZCCSRIOConsumer.h */,
				D16A41EC2075689A009783DF /* ZCCSRIOConsumer.m */,
				D16A41ED2075689A009783DF /* ZCCSRIOConsumerPool.h */,
				D16A41EB2075689A009783DF /* ZCCSRIOConsumerPool.m */,
			);
			path = IOConsumer;
			sourceTree = "<group>";
		};
		D16DC03220697552003F9A6A /* network */ = {
			isa = PBXGroup;
			children = (
				D16DC0332069756A003F9A6A /* ZCCSocketTests.m */,
			);
			path = network;
			sourceTree = "<group>";
		};
		D1B190C12065A8CC009309CA /* audio */ = {
			isa = PBXGroup;
			children = (
				D1B190C52065A902009309CA /* ZCCCustomAudioSourceTests.m */,
			);
			path = audio;
			sourceTree = "<group>";
		};
/* End PBXGroup section */

/* Begin PBXHeadersBuildPhase section */
		A8043FA81FD5BE9000BFD1BF /* Headers */ = {
			isa = PBXHeadersBuildPhase;
			buildActionMask = 2147483647;
			files = (
				D16A41FF2075689A009783DF /* ZCCSRSecurityPolicy.h in Headers */,
				D16A420F2075689A009783DF /* ZCCSRURLUtilities.h in Headers */,
				53AA9E301FD9BC8300C35403 /* ZCCDecoderOpus.h in Headers */,
				D16A41F32075689A009783DF /* NSURLRequest+ZCCSRWebSocket.h in Headers */,
				53AA9E471FD9C1D900C35403 /* ZCCQueueRunner.h in Headers */,
				D116CE0120223691001999F1 /* ZCCSocket.h in Headers */,
				53AA9E491FD9C1D900C35403 /* ZCCWeakReference.h in Headers */,
				A85831FC1FD62878000ECA30 /* ZCCSession.h in Headers */,
				D16A41F72075689A009783DF /* ZCCSRRunLoopThread.h in Headers */,
				D116CDFD2022362F001999F1 /* ZCCCommands.h in Headers */,
				53AA9EA01FDA60A300C35403 /* ZCCIncomingVoiceStream.h in Headers */,
				D1D53524204F0C910029021F /* ZCCCustomAudioReceiver.h in Headers */,
				D1ABD913202270C600F3FCD6 /* ZCCStreamParams.h in Headers */,
				D16A42022075689A009783DF /* ZCCSRConstants.h in Headers */,
				D16A42162075689A009783DF /* ZCCSRIOConsumerPool.h in Headers */,
				D16A42032075689A009783DF /* ZCCSRLog.h in Headers */,
				D1C8ABBB2064488E009A39CF /* ZCCSocketFactory.h in Headers */,
				53AA9E2B1FD9BC8300C35403 /* ZCCCodecFactory.h in Headers */,
				D16A42102075689A009783DF /* ZCCSRRandom.h in Headers */,
				D1C8899F2040AA7100814E5A /* ZCCVoiceStream+Internal.h in Headers */,
				53AA9E9C1FDA5F1E00C35403 /* ZCCVoiceStream.h in Headers */,
				53AA9E3D1FD9BD4800C35403 /* ZCCEncoder.h in Headers */,
				D16A420C2075689A009783DF /* ZCCSRHash.h in Headers */,
				D19DBC5A205095CD005C632A /* ZCCCustomAudioSourceReceiver.h in Headers */,
				D1D10EF62057267300DE129A /* ZCCAudioUtils.h in Headers */,
				A8043FBC1FD5BE9000BFD1BF /* ZelloChannelKit.h in Headers */,
				D16A41FC2075689A009783DF /* NSRunLoop+ZCCSRWebSocketPrivate.h in Headers */,
				D1EFBB37206561C300FF4A2E /* ZCCPermissionsManager.h in Headers */,
				D16A41F62075689A009783DF /* ZCCSRProxyConnect.h in Headers */,
				D16A421A2075689A009783DF /* NSURLRequest+ZCCSRWebSocketPrivate.h in Headers */,
				D16A42072075689A009783DF /* ZCCSRHTTPConnectMessage.h in Headers */,
				D16A42062075689A009783DF /* ZCCSRError.h in Headers */,
				53AA9E2A1FD9BC8300C35403 /* ZCCCodec.h in Headers */,
				53AA9E361FD9BC8A00C35403 /* ZCCPlayer.h in Headers */,
				D16A42002075689A009783DF /* NSRunLoop+ZCCSRWebSocket.h in Headers */,
				D1444841203CC0620091A061 /* ZCCStreamState.h in Headers */,
				D16A41FB2075689A009783DF /* ZCCSRPinningSecurityPolicy.h in Headers */,
				D1358B862034A1620082B163 /* ZCCErrors.h in Headers */,
				53AA9E341FD9BC8300C35403 /* ZCCEncoderOpus.h in Headers */,
				D16A42182075689A009783DF /* ZCCSRWebSocket.h in Headers */,
				53AA9E381FD9BC8A00C35403 /* ZCCRecorder.h in Headers */,
				D1F6F547204891530045A100 /* ZCCCustomAudioSource.h in Headers */,
				D16DC03720697809003F9A6A /* ZCCWebSocketFactory.h in Headers */,
				D16A41FD2075689A009783DF /* ZCCSRDelegateController.h in Headers */,
				D1D61FE8204DBD1700FE5392 /* ZCCIncomingVoiceStreamInfo+Internal.h in Headers */,
				D16A42042075689A009783DF /* ZCCSRSIMDHelpers.h in Headers */,
				53AA9E2D1FD9BC8300C35403 /* ZCCDecoder.h in Headers */,
				D16A420D2075689A009783DF /* ZCCSRMutex.h in Headers */,
				D1D61FE5204DB80200FE5392 /* ZCCIncomingVoiceConfiguration.h in Headers */,
				53AA9EA41FDA60BD00C35403 /* ZCCOutgoingVoiceStream.h in Headers */,
				D1B148E52047585500450E8D /* ZCCOutgoingVoiceConfiguration.h in Headers */,
				53AA9E401FD9C0DD00C35403 /* ZCCAudioHelper.h in Headers */,
				D1DFA0A1202B95D000B4E05E /* ZCCVoiceStreamsManager.h in Headers */,
				D16A42132075689A009783DF /* ZCCSRIOConsumer.h in Headers */,
			);
			runOnlyForDeploymentPostprocessing = 0;
		};
/* End PBXHeadersBuildPhase section */

/* Begin PBXNativeTarget section */
		A8043FAA1FD5BE9000BFD1BF /* ZelloChannelKit */ = {
			isa = PBXNativeTarget;
			buildConfigurationList = A8043FBF1FD5BE9000BFD1BF /* Build configuration list for PBXNativeTarget "ZelloChannelKit" */;
			buildPhases = (
				A8043FA61FD5BE9000BFD1BF /* Sources */,
				A8043FA71FD5BE9000BFD1BF /* Frameworks */,
				A8043FA81FD5BE9000BFD1BF /* Headers */,
				A8043FA91FD5BE9000BFD1BF /* Resources */,
			);
			buildRules = (
			);
			dependencies = (
			);
			name = ZelloChannelKit;
			productName = sdk;
			productReference = A8043FAB1FD5BE9000BFD1BF /* ZelloChannelKit.framework */;
			productType = "com.apple.product-type.framework";
		};
		A8043FB31FD5BE9000BFD1BF /* ZelloChannelKitTests */ = {
			isa = PBXNativeTarget;
			buildConfigurationList = A8043FC21FD5BE9000BFD1BF /* Build configuration list for PBXNativeTarget "ZelloChannelKitTests" */;
			buildPhases = (
				A8043FB01FD5BE9000BFD1BF /* Sources */,
				A8043FB11FD5BE9000BFD1BF /* Frameworks */,
				A8043FB21FD5BE9000BFD1BF /* Resources */,
			);
			buildRules = (
			);
			dependencies = (
				A8043FB71FD5BE9000BFD1BF /* PBXTargetDependency */,
			);
			name = ZelloChannelKitTests;
			productName = sdkTests;
			productReference = A8043FB41FD5BE9000BFD1BF /* ZelloChannelKitTests.xctest */;
			productType = "com.apple.product-type.bundle.unit-test";
		};
/* End PBXNativeTarget section */

/* Begin PBXProject section */
		A8043FA21FD5BE9000BFD1BF /* Project object */ = {
			isa = PBXProject;
			attributes = {
				CLASSPREFIX = ZCC;
				LastUpgradeCheck = 0910;
				ORGANIZATIONNAME = Zello;
				TargetAttributes = {
					A8043FAA1FD5BE9000BFD1BF = {
						CreatedOnToolsVersion = 9.1;
						ProvisioningStyle = Automatic;
					};
					A8043FB31FD5BE9000BFD1BF = {
						CreatedOnToolsVersion = 9.1;
						ProvisioningStyle = Automatic;
					};
					D1A3BB602073D24E0038FDDA = {
						CreatedOnToolsVersion = 9.2;
						ProvisioningStyle = Automatic;
					};
				};
			};
			buildConfigurationList = A8043FA51FD5BE9000BFD1BF /* Build configuration list for PBXProject "ZelloChannelKit" */;
			compatibilityVersion = "Xcode 8.0";
			developmentRegion = en;
			hasScannedForEncodings = 0;
			knownRegions = (
				en,
			);
			mainGroup = A8043FA11FD5BE9000BFD1BF;
			productRefGroup = A8043FAC1FD5BE9000BFD1BF /* Products */;
			projectDirPath = "";
			projectReferences = (
				{
					ProductGroup = 53AA9E801FD9CC8800C35403 /* Products */;
					ProjectRef = 53AA9E7F1FD9CC8800C35403 /* sdk.xcodeproj */;
				},
			);
			projectRoot = "";
			targets = (
				A8043FAA1FD5BE9000BFD1BF /* ZelloChannelKit */,
				A8043FB31FD5BE9000BFD1BF /* ZelloChannelKitTests */,
				D1A3BB602073D24E0038FDDA /* ZelloChannelKit-Universal */,
			);
		};
/* End PBXProject section */

/* Begin PBXResourcesBuildPhase section */
		A8043FA91FD5BE9000BFD1BF /* Resources */ = {
			isa = PBXResourcesBuildPhase;
			buildActionMask = 2147483647;
			files = (
			);
			runOnlyForDeploymentPostprocessing = 0;
		};
		A8043FB21FD5BE9000BFD1BF /* Resources */ = {
			isa = PBXResourcesBuildPhase;
			buildActionMask = 2147483647;
			files = (
			);
			runOnlyForDeploymentPostprocessing = 0;
		};
/* End PBXResourcesBuildPhase section */

/* Begin PBXShellScriptBuildPhase section */
		D1A3BB642073DAB40038FDDA /* ShellScript */ = {
			isa = PBXShellScriptBuildPhase;
			buildActionMask = 2147483647;
			files = (
			);
			inputPaths = (
			);
			outputPaths = (
			);
			runOnlyForDeploymentPostprocessing = 0;
			shellPath = /bin/sh;
			shellScript = "#!/bin/sh\n\nUNIVERSAL_OUTPUTFOLDER=${BUILD_DIR}/${CONFIGURATION}-universal\n\n# make sure the output directory exists\nmkdir -p \"${UNIVERSAL_OUTPUTFOLDER}/iOS\"\n\n# Step 1. Build Device and Simulator versions on iOS\nWORKSPACE_NAME=\"ZelloChannelKit.xcworkspace\"\nxcodebuild -workspace \"../${WORKSPACE_NAME}\" -scheme \"${PROJECT_NAME}\" -configuration Release -sdk iphonesimulator -destination 'platform=iOS Simulator,name=iPhone 6' clean build\nxcodebuild -workspace \"../${WORKSPACE_NAME}\" -scheme \"${PROJECT_NAME}\" -configuration Release -sdk iphoneos clean build\n\n# Step 2. Copy the framework structure (from iphoneos build) to the universal folder\ncp -R \"${BUILD_DIR}/${CONFIGURATION}-iphoneos/${PROJECT_NAME}.framework\" \"${UNIVERSAL_OUTPUTFOLDER}/iOS\"\n\n# Step 3. Create universal binary file using lipo and place the combined executable in the copied framework directory\nlipo -create -output \"${UNIVERSAL_OUTPUTFOLDER}/iOS/${PROJECT_NAME}.framework/${PROJECT_NAME}\" \"${BUILD_DIR}/${CONFIGURATION}-iphonesimulator/${PROJECT_NAME}.framework/${PROJECT_NAME}\" \"${BUILD_DIR}/${CONFIGURATION}-iphoneos/${PROJECT_NAME}.framework/${PROJECT_NAME}\"\n\n# Step 4. Convenience step to copy the framework to the project's directory\nmkdir -p \"${TMPDIR}/${PROJECT_NAME}/Frameworks/iOS\"\n\ncp -R \"${UNIVERSAL_OUTPUTFOLDER}/iOS/${PROJECT_NAME}.framework\" \"${TMPDIR}/${PROJECT_NAME}/Frameworks/iOS\"\n\n\n# Step 6. Create .tar.gz file for posting on the binary repository\ncd \"${TMPDIR}\"\n\n# We nest the framework inside a Frameworks folder so that it unarchives correctly\ntar -zcf \"${PROJECT_NAME}.framework.tar.gz\" \"${PROJECT_NAME}/Frameworks/\"\nmv \"${PROJECT_NAME}.framework.tar.gz\" \"${PROJECT_DIR}/\"\n\n# Step 7. Convenience step to open the project's directory in Finder\n#open \"${PROJECT_DIR}\"";
		};
/* End PBXShellScriptBuildPhase section */

/* Begin PBXSourcesBuildPhase section */
		A8043FA61FD5BE9000BFD1BF /* Sources */ = {
			isa = PBXSourcesBuildPhase;
			buildActionMask = 2147483647;
			files = (
				D1D61FE6204DB80200FE5392 /* ZCCIncomingVoiceConfiguration.m in Sources */,
				D1EFBB38206561C300FF4A2E /* ZCCPermissionsManager.m in Sources */,
				D16A42092075689A009783DF /* ZCCSRURLUtilities.m in Sources */,
				D19DBC5B205095CD005C632A /* ZCCCustomAudioSourceReceiver.m in Sources */,
				D16A42112075689A009783DF /* ZCCSRHTTPConnectMessage.m in Sources */,
				D1C8ABBC2064488E009A39CF /* ZCCSocketFactory.m in Sources */,
				53AA9E321FD9BC8300C35403 /* ZCCEncoder.m in Sources */,
				D1D53525204F0C910029021F /* ZCCCustomAudioReceiver.m in Sources */,
				53AA9E2E1FD9BC8300C35403 /* ZCCDecoder.mm in Sources */,
				53AA9EA11FDA60A300C35403 /* ZCCIncomingVoiceStream.m in Sources */,
				D1ABD914202270C600F3FCD6 /* ZCCStreamParams.m in Sources */,
				D16A41FA2075689A009783DF /* ZCCSRPinningSecurityPolicy.m in Sources */,
				D16A41F82075689A009783DF /* ZCCSRRunLoopThread.m in Sources */,
				D16A42152075689A009783DF /* ZCCSRIOConsumer.m in Sources */,
				D16A42142075689A009783DF /* ZCCSRIOConsumerPool.m in Sources */,
				D16A420A2075689A009783DF /* ZCCSRLog.m in Sources */,
				D16A420B2075689A009783DF /* ZCCSRConstants.m in Sources */,
				D16A41F52075689A009783DF /* ZCCSRProxyConnect.m in Sources */,
				D1F6F548204891530045A100 /* ZCCCustomAudioSource.m in Sources */,
				D1B148E62047585500450E8D /* ZCCOutgoingVoiceConfiguration.m in Sources */,
				53AA9E391FD9BC8A00C35403 /* ZCCRecorder.mm in Sources */,
				D1D10EF72057267300DE129A /* ZCCAudioUtils.m in Sources */,
				D16A41FE2075689A009783DF /* ZCCSRDelegateController.m in Sources */,
				53AA9E8D1FDA309A00C35403 /* ZCCWeakTimer.m in Sources */,
				D133F8A12028DAA100B40798 /* ZCCCodec.m in Sources */,
				D16A421B2075689A009783DF /* ZCCSRSecurityPolicy.m in Sources */,
				D16DC03820697809003F9A6A /* ZCCWebSocketFactory.m in Sources */,
				53AA9E481FD9C1D900C35403 /* ZCCQueueRunner.m in Sources */,
				D16A42052075689A009783DF /* ZCCSRMutex.m in Sources */,
				D1358B872034A1620082B163 /* ZCCErrors.m in Sources */,
				A85831FD1FD62878000ECA30 /* ZCCSession.m in Sources */,
				D1BB3DD02024D9E8006B8852 /* ZCCProtocol.m in Sources */,
				D1DFA0A0202B95D000B4E05E /* ZCCVoiceStreamsManager.m in Sources */,
				53AA9E311FD9BC8300C35403 /* ZCCDecoderOpus.mm in Sources */,
				53AA9E2C1FD9BC8300C35403 /* ZCCCodecFactory.m in Sources */,
				D16A41F42075689A009783DF /* ZCCSRWebSocket.m in Sources */,
				D116CDFE2022362F001999F1 /* ZCCCommands.m in Sources */,
				53AA9E411FD9C0DD00C35403 /* ZCCAudioHelper.m in Sources */,
				D16A42122075689A009783DF /* ZCCSRError.m in Sources */,
				53AA9EA51FDA60BD00C35403 /* ZCCOutgoingVoiceStream.m in Sources */,
				53AA9E4A1FD9C1D900C35403 /* ZCCWeakReference.m in Sources */,
				D16A42082075689A009783DF /* ZCCSRRandom.m in Sources */,
				53AA9E9D1FDA5F1E00C35403 /* ZCCVoiceStream.m in Sources */,
				53AA9E371FD9BC8A00C35403 /* ZCCPlayer.mm in Sources */,
				D16A42012075689A009783DF /* ZCCSRHash.m in Sources */,
				D16A42172075689A009783DF /* NSURLRequest+ZCCSRWebSocket.m in Sources */,
				D16A42192075689A009783DF /* NSRunLoop+ZCCSRWebSocket.m in Sources */,
				53AA9E351FD9BC8300C35403 /* ZCCEncoderOpus.mm in Sources */,
				D16A420E2075689A009783DF /* ZCCSRSIMDHelpers.m in Sources */,
				D116CE0220223691001999F1 /* ZCCSocket.m in Sources */,
			);
			runOnlyForDeploymentPostprocessing = 0;
		};
		A8043FB01FD5BE9000BFD1BF /* Sources */ = {
			isa = PBXSourcesBuildPhase;
			buildActionMask = 2147483647;
			files = (
				D1C8ABB8206445AC009A39CF /* ZCCSessionTests.m in Sources */,
				D16DC0342069756A003F9A6A /* ZCCSocketTests.m in Sources */,
				D1B190C62065A902009309CA /* ZCCCustomAudioSourceTests.m in Sources */,
			);
			runOnlyForDeploymentPostprocessing = 0;
		};
/* End PBXSourcesBuildPhase section */

/* Begin PBXTargetDependency section */
		A8043FB71FD5BE9000BFD1BF /* PBXTargetDependency */ = {
			isa = PBXTargetDependency;
			target = A8043FAA1FD5BE9000BFD1BF /* ZelloChannelKit */;
			targetProxy = A8043FB61FD5BE9000BFD1BF /* PBXContainerItemProxy */;
		};
/* End PBXTargetDependency section */

/* Begin XCBuildConfiguration section */
		A8043FBD1FD5BE9000BFD1BF /* Debug */ = {
			isa = XCBuildConfiguration;
			buildSettings = {
				ALWAYS_SEARCH_USER_PATHS = NO;
				CLANG_ANALYZER_NONNULL = YES;
				CLANG_ANALYZER_NUMBER_OBJECT_CONVERSION = YES_AGGRESSIVE;
				CLANG_ANALYZER_SECURITY_FLOATLOOPCOUNTER = YES;
				CLANG_CXX_LANGUAGE_STANDARD = "gnu++14";
				CLANG_CXX_LIBRARY = "libc++";
				CLANG_ENABLE_MODULES = YES;
				CLANG_ENABLE_OBJC_ARC = YES;
				CLANG_UNDEFINED_BEHAVIOR_SANITIZER_INTEGER = YES;
				CLANG_UNDEFINED_BEHAVIOR_SANITIZER_NULLABILITY = YES;
				CLANG_WARN_ASSIGN_ENUM = NO;
				CLANG_WARN_BLOCK_CAPTURE_AUTORELEASING = YES;
				CLANG_WARN_BOOL_CONVERSION = YES;
				CLANG_WARN_COMMA = YES;
				CLANG_WARN_CONSTANT_CONVERSION = YES;
				CLANG_WARN_DIRECT_OBJC_ISA_USAGE = YES_ERROR;
				CLANG_WARN_DOCUMENTATION_COMMENTS = YES;
				CLANG_WARN_EMPTY_BODY = YES;
				CLANG_WARN_ENUM_CONVERSION = YES;
				CLANG_WARN_IMPLICIT_SIGN_CONVERSION = YES;
				CLANG_WARN_INFINITE_RECURSION = YES;
				CLANG_WARN_INT_CONVERSION = YES;
				CLANG_WARN_NON_LITERAL_NULL_CONVERSION = YES;
				CLANG_WARN_OBJC_LITERAL_CONVERSION = YES;
				CLANG_WARN_OBJC_REPEATED_USE_OF_WEAK = YES;
				CLANG_WARN_OBJC_ROOT_CLASS = YES_ERROR;
				CLANG_WARN_RANGE_LOOP_ANALYSIS = YES;
				CLANG_WARN_STRICT_PROTOTYPES = YES;
				CLANG_WARN_SUSPICIOUS_IMPLICIT_CONVERSION = YES;
				CLANG_WARN_SUSPICIOUS_MOVE = YES;
				CLANG_WARN_UNGUARDED_AVAILABILITY = YES_AGGRESSIVE;
				CLANG_WARN_UNREACHABLE_CODE = YES;
				CLANG_WARN__DUPLICATE_METHOD_MATCH = YES;
				CODE_SIGN_IDENTITY = "iPhone Developer";
				COPY_PHASE_STRIP = NO;
				CURRENT_PROJECT_VERSION = 1;
				DEBUG_INFORMATION_FORMAT = dwarf;
				ENABLE_STRICT_OBJC_MSGSEND = YES;
				ENABLE_TESTABILITY = YES;
				GCC_C_LANGUAGE_STANDARD = gnu11;
				GCC_DYNAMIC_NO_PIC = NO;
				GCC_NO_COMMON_BLOCKS = YES;
				GCC_OPTIMIZATION_LEVEL = 0;
				GCC_PREPROCESSOR_DEFINITIONS = (
					"DEBUG=1",
					"$(inherited)",
				);
				GCC_WARN_64_TO_32_BIT_CONVERSION = YES;
				GCC_WARN_ABOUT_MISSING_FIELD_INITIALIZERS = YES;
				GCC_WARN_ABOUT_MISSING_NEWLINE = YES;
				GCC_WARN_ABOUT_RETURN_TYPE = YES_ERROR;
				GCC_WARN_SHADOW = YES;
				GCC_WARN_SIGN_COMPARE = YES;
				GCC_WARN_UNDECLARED_SELECTOR = YES;
				GCC_WARN_UNINITIALIZED_AUTOS = YES_AGGRESSIVE;
				GCC_WARN_UNKNOWN_PRAGMAS = YES;
				GCC_WARN_UNUSED_FUNCTION = YES;
				GCC_WARN_UNUSED_VARIABLE = YES;
				IPHONEOS_DEPLOYMENT_TARGET = 9.3;
				MTL_ENABLE_DEBUG_INFO = YES;
				ONLY_ACTIVE_ARCH = YES;
				SDKROOT = iphoneos;
				USER_HEADER_SEARCH_PATHS = "\"$(PROJECT_DIR)/../LibOpus\"";
				VALID_ARCHS = "arm64 armv7 armv7s x86_64 i386";
				VERSIONING_SYSTEM = "apple-generic";
				VERSION_INFO_PREFIX = "";
			};
			name = Debug;
		};
		A8043FBE1FD5BE9000BFD1BF /* Release */ = {
			isa = XCBuildConfiguration;
			buildSettings = {
				ALWAYS_SEARCH_USER_PATHS = NO;
				CLANG_ANALYZER_NONNULL = YES;
				CLANG_ANALYZER_NUMBER_OBJECT_CONVERSION = YES_AGGRESSIVE;
				CLANG_ANALYZER_SECURITY_FLOATLOOPCOUNTER = YES;
				CLANG_CXX_LANGUAGE_STANDARD = "gnu++14";
				CLANG_CXX_LIBRARY = "libc++";
				CLANG_ENABLE_MODULES = YES;
				CLANG_ENABLE_OBJC_ARC = YES;
				CLANG_UNDEFINED_BEHAVIOR_SANITIZER_INTEGER = YES;
				CLANG_UNDEFINED_BEHAVIOR_SANITIZER_NULLABILITY = YES;
				CLANG_WARN_ASSIGN_ENUM = NO;
				CLANG_WARN_BLOCK_CAPTURE_AUTORELEASING = YES;
				CLANG_WARN_BOOL_CONVERSION = YES;
				CLANG_WARN_COMMA = YES;
				CLANG_WARN_CONSTANT_CONVERSION = YES;
				CLANG_WARN_DIRECT_OBJC_ISA_USAGE = YES_ERROR;
				CLANG_WARN_DOCUMENTATION_COMMENTS = YES;
				CLANG_WARN_EMPTY_BODY = YES;
				CLANG_WARN_ENUM_CONVERSION = YES;
				CLANG_WARN_IMPLICIT_SIGN_CONVERSION = YES;
				CLANG_WARN_INFINITE_RECURSION = YES;
				CLANG_WARN_INT_CONVERSION = YES;
				CLANG_WARN_NON_LITERAL_NULL_CONVERSION = YES;
				CLANG_WARN_OBJC_LITERAL_CONVERSION = YES;
				CLANG_WARN_OBJC_REPEATED_USE_OF_WEAK = YES;
				CLANG_WARN_OBJC_ROOT_CLASS = YES_ERROR;
				CLANG_WARN_RANGE_LOOP_ANALYSIS = YES;
				CLANG_WARN_STRICT_PROTOTYPES = YES;
				CLANG_WARN_SUSPICIOUS_IMPLICIT_CONVERSION = YES;
				CLANG_WARN_SUSPICIOUS_MOVE = YES;
				CLANG_WARN_UNGUARDED_AVAILABILITY = YES_AGGRESSIVE;
				CLANG_WARN_UNREACHABLE_CODE = YES;
				CLANG_WARN__DUPLICATE_METHOD_MATCH = YES;
				CODE_SIGN_IDENTITY = "iPhone Developer";
				COPY_PHASE_STRIP = NO;
				CURRENT_PROJECT_VERSION = 1;
				DEBUG_INFORMATION_FORMAT = "dwarf-with-dsym";
				ENABLE_NS_ASSERTIONS = NO;
				ENABLE_STRICT_OBJC_MSGSEND = YES;
				GCC_C_LANGUAGE_STANDARD = gnu11;
				GCC_NO_COMMON_BLOCKS = YES;
				GCC_WARN_64_TO_32_BIT_CONVERSION = YES;
				GCC_WARN_ABOUT_MISSING_FIELD_INITIALIZERS = YES;
				GCC_WARN_ABOUT_MISSING_NEWLINE = YES;
				GCC_WARN_ABOUT_RETURN_TYPE = YES_ERROR;
				GCC_WARN_SHADOW = YES;
				GCC_WARN_SIGN_COMPARE = YES;
				GCC_WARN_UNDECLARED_SELECTOR = YES;
				GCC_WARN_UNINITIALIZED_AUTOS = YES_AGGRESSIVE;
				GCC_WARN_UNKNOWN_PRAGMAS = YES;
				GCC_WARN_UNUSED_FUNCTION = YES;
				GCC_WARN_UNUSED_VARIABLE = YES;
				IPHONEOS_DEPLOYMENT_TARGET = 9.3;
				MTL_ENABLE_DEBUG_INFO = NO;
				SDKROOT = iphoneos;
				USER_HEADER_SEARCH_PATHS = "\"$(PROJECT_DIR)/../LibOpus\"";
				VALIDATE_PRODUCT = YES;
				VALID_ARCHS = "arm64 armv7 armv7s x86_64 i386";
				VERSIONING_SYSTEM = "apple-generic";
				VERSION_INFO_PREFIX = "";
			};
			name = Release;
		};
		A8043FC01FD5BE9000BFD1BF /* Debug */ = {
			isa = XCBuildConfiguration;
			buildSettings = {
				CLANG_WARN_DOCUMENTATION_COMMENTS = NO;
				CODE_SIGN_IDENTITY = "";
				CODE_SIGN_STYLE = Automatic;
				DEFINES_MODULE = YES;
				DYLIB_COMPATIBILITY_VERSION = 1;
				DYLIB_CURRENT_VERSION = 1;
				DYLIB_INSTALL_NAME_BASE = "@rpath";
				ENABLE_BITCODE = YES;
				INFOPLIST_FILE = ZelloChannelKit/Info.plist;
				INSTALL_PATH = "$(LOCAL_LIBRARY_DIR)/Frameworks";
				LD_RUNPATH_SEARCH_PATHS = "$(inherited) @executable_path/Frameworks @loader_path/Frameworks";
				LIBRARY_SEARCH_PATHS = (
					"$(inherited)",
					"$(PROJECT_DIR)/ZelloChannelKit",
				);
				PRODUCT_BUNDLE_IDENTIFIER = com.zello.zellochannelkit;
				PRODUCT_NAME = "$(TARGET_NAME:c99extidentifier)";
				SKIP_INSTALL = YES;
				TARGETED_DEVICE_FAMILY = "1,2";
				USER_HEADER_SEARCH_PATHS = "\"$(PROJECT_DIR)/../LibOpus\"/**";
			};
			name = Debug;
		};
		A8043FC11FD5BE9000BFD1BF /* Release */ = {
			isa = XCBuildConfiguration;
			buildSettings = {
				CLANG_WARN_DOCUMENTATION_COMMENTS = NO;
				CODE_SIGN_IDENTITY = "";
				CODE_SIGN_STYLE = Automatic;
				DEFINES_MODULE = YES;
				DYLIB_COMPATIBILITY_VERSION = 1;
				DYLIB_CURRENT_VERSION = 1;
				DYLIB_INSTALL_NAME_BASE = "@rpath";
				ENABLE_BITCODE = YES;
				INFOPLIST_FILE = ZelloChannelKit/Info.plist;
				INSTALL_PATH = "$(LOCAL_LIBRARY_DIR)/Frameworks";
				LD_RUNPATH_SEARCH_PATHS = "$(inherited) @executable_path/Frameworks @loader_path/Frameworks";
				LIBRARY_SEARCH_PATHS = (
					"$(inherited)",
					"$(PROJECT_DIR)/ZelloChannelKit",
				);
				PRODUCT_BUNDLE_IDENTIFIER = com.zello.zellochannelkit;
				PRODUCT_NAME = "$(TARGET_NAME:c99extidentifier)";
				SKIP_INSTALL = YES;
				TARGETED_DEVICE_FAMILY = "1,2";
				USER_HEADER_SEARCH_PATHS = "\"$(PROJECT_DIR)/../LibOpus\"/**";
			};
			name = Release;
		};
		A8043FC31FD5BE9000BFD1BF /* Debug */ = {
			isa = XCBuildConfiguration;
			buildSettings = {
				CODE_SIGN_STYLE = Automatic;
				DEVELOPMENT_TEAM = U5TBRZ56DZ;
				HEADER_SEARCH_PATHS = "$(PROJECT_DIR)/../OCMock-3.4.1";
				INFOPLIST_FILE = ZelloChannelKitTests/Info.plist;
				LD_RUNPATH_SEARCH_PATHS = "$(inherited) @executable_path/Frameworks @loader_path/Frameworks";
				LIBRARY_SEARCH_PATHS = "$(PROJECT_DIR)/../OCMock-3.4.1";
				OTHER_LDFLAGS = (
					"$(inherited)",
					"-ObjC",
				);
				PRODUCT_BUNDLE_IDENTIFIER = Zello.sdkTests;
				PRODUCT_NAME = "$(TARGET_NAME)";
				TARGETED_DEVICE_FAMILY = "1,2";
				USER_HEADER_SEARCH_PATHS = "\"$(PROJECT_DIR)/../LibOpus\"";
			};
			name = Debug;
		};
		A8043FC41FD5BE9000BFD1BF /* Release */ = {
			isa = XCBuildConfiguration;
			buildSettings = {
				CODE_SIGN_STYLE = Automatic;
				DEVELOPMENT_TEAM = U5TBRZ56DZ;
				HEADER_SEARCH_PATHS = "$(PROJECT_DIR)/../OCMock-3.4.1";
				INFOPLIST_FILE = ZelloChannelKitTests/Info.plist;
				LD_RUNPATH_SEARCH_PATHS = "$(inherited) @executable_path/Frameworks @loader_path/Frameworks";
				LIBRARY_SEARCH_PATHS = "$(PROJECT_DIR)/../OCMock-3.4.1";
				OTHER_LDFLAGS = (
					"$(inherited)",
					"-ObjC",
				);
				PRODUCT_BUNDLE_IDENTIFIER = Zello.sdkTests;
				PRODUCT_NAME = "$(TARGET_NAME)";
				TARGETED_DEVICE_FAMILY = "1,2";
				USER_HEADER_SEARCH_PATHS = "\"$(PROJECT_DIR)/../LibOpus\"";
			};
			name = Release;
		};
		D1A3BB622073D24F0038FDDA /* Debug */ = {
			isa = XCBuildConfiguration;
			buildSettings = {
				CODE_SIGN_STYLE = Automatic;
				DEVELOPMENT_TEAM = U5TBRZ56DZ;
				PRODUCT_NAME = "$(TARGET_NAME)";
			};
			name = Debug;
		};
		D1A3BB632073D24F0038FDDA /* Release */ = {
			isa = XCBuildConfiguration;
			buildSettings = {
				CODE_SIGN_STYLE = Automatic;
				DEVELOPMENT_TEAM = U5TBRZ56DZ;
				PRODUCT_NAME = "$(TARGET_NAME)";
			};
			name = Release;
		};
/* End XCBuildConfiguration section */

/* Begin XCConfigurationList section */
		A8043FA51FD5BE9000BFD1BF /* Build configuration list for PBXProject "ZelloChannelKit" */ = {
			isa = XCConfigurationList;
			buildConfigurations = (
				A8043FBD1FD5BE9000BFD1BF /* Debug */,
				A8043FBE1FD5BE9000BFD1BF /* Release */,
			);
			defaultConfigurationIsVisible = 0;
			defaultConfigurationName = Release;
		};
		A8043FBF1FD5BE9000BFD1BF /* Build configuration list for PBXNativeTarget "ZelloChannelKit" */ = {
			isa = XCConfigurationList;
			buildConfigurations = (
				A8043FC01FD5BE9000BFD1BF /* Debug */,
				A8043FC11FD5BE9000BFD1BF /* Release */,
			);
			defaultConfigurationIsVisible = 0;
			defaultConfigurationName = Release;
		};
		A8043FC21FD5BE9000BFD1BF /* Build configuration list for PBXNativeTarget "ZelloChannelKitTests" */ = {
			isa = XCConfigurationList;
			buildConfigurations = (
				A8043FC31FD5BE9000BFD1BF /* Debug */,
				A8043FC41FD5BE9000BFD1BF /* Release */,
			);
			defaultConfigurationIsVisible = 0;
			defaultConfigurationName = Release;
		};
		D1A3BB612073D24F0038FDDA /* Build configuration list for PBXAggregateTarget "ZelloChannelKit-Universal" */ = {
			isa = XCConfigurationList;
			buildConfigurations = (
				D1A3BB622073D24F0038FDDA /* Debug */,
				D1A3BB632073D24F0038FDDA /* Release */,
			);
			defaultConfigurationIsVisible = 0;
			defaultConfigurationName = Release;
		};
/* End XCConfigurationList section */
	};
	rootObject = A8043FA21FD5BE9000BFD1BF /* Project object */;
}
